// !$*UTF8*$!
{
	archiveVersion = 1;
	classes = {
	};
	objectVersion = 77;
	objects = {

/* Begin PBXBuildFile section */
		5327B1B92F4DA52400BF1465 /* AppDelegate.swift in Sources */ = {isa = PBXBuildFile; fileRef = 5327B1B82F4DA52400BF1465 /* AppDelegate.swift */; };
		5327B1BD2F4DA52400BF1465 /* Main.html in Resources */ = {isa = PBXBuildFile; fileRef = 5327B1BB2F4DA52400BF1465 /* Main.html */; };
		5327B1BF2F4DA52400BF1465 /* Icon.png in Resources */ = {isa = PBXBuildFile; fileRef = 5327B1BE2F4DA52400BF1465 /* Icon.png */; };
		5327B1C12F4DA52400BF1465 /* Style.css in Resources */ = {isa = PBXBuildFile; fileRef = 5327B1C02F4DA52400BF1465 /* Style.css */; };
		5327B1C32F4DA52400BF1465 /* Script.js in Resources */ = {isa = PBXBuildFile; fileRef = 5327B1C22F4DA52400BF1465 /* Script.js */; };
		5327B1C52F4DA52400BF1465 /* ViewController.swift in Sources */ = {isa = PBXBuildFile; fileRef = 5327B1C42F4DA52400BF1465 /* ViewController.swift */; };
		5327B1C82F4DA52400BF1465 /* Main.storyboard in Resources */ = {isa = PBXBuildFile; fileRef = 5327B1C62F4DA52400BF1465 /* Main.storyboard */; };
		5327B1CA2F4DA52400BF1465 /* Assets.xcassets in Resources */ = {isa = PBXBuildFile; fileRef = 5327B1C92F4DA52400BF1465 /* Assets.xcassets */; };
		5327B1D12F4DA52400BF1465 /* SmoothScroll GPT Extension.appex in Embed Foundation Extensions */ = {isa = PBXBuildFile; fileRef = 5327B1D02F4DA52400BF1465 /* SmoothScroll GPT Extension.appex */; settings = {ATTRIBUTES = (RemoveHeadersOnCopy, ); }; };
		5327B1D62F4DA52400BF1465 /* SafariWebExtensionHandler.swift in Sources */ = {isa = PBXBuildFile; fileRef = 5327B1D52F4DA52400BF1465 /* SafariWebExtensionHandler.swift */; };
		5327B1EA2F4DA52400BF1465 /* options in Resources */ = {isa = PBXBuildFile; fileRef = 5327B1E22F4DA52400BF1465 /* options */; };
		5327B1EB2F4DA52400BF1465 /* popup in Resources */ = {isa = PBXBuildFile; fileRef = 5327B1E32F4DA52400BF1465 /* popup */; };
		5327B1EC2F4DA52400BF1465 /* background.js in Resources */ = {isa = PBXBuildFile; fileRef = 5327B1E42F4DA52400BF1465 /* background.js */; };
		5327B1ED2F4DA52400BF1465 /* shared in Resources */ = {isa = PBXBuildFile; fileRef = 5327B1E52F4DA52400BF1465 /* shared */; };
		5327B1EE2F4DA52400BF1465 /* styles in Resources */ = {isa = PBXBuildFile; fileRef = 5327B1E62F4DA52400BF1465 /* styles */; };
		5327B1EF2F4DA52400BF1465 /* icons in Resources */ = {isa = PBXBuildFile; fileRef = 5327B1E72F4DA52400BF1465 /* icons */; };
		5327B1F02F4DA52400BF1465 /* manifest.json in Resources */ = {isa = PBXBuildFile; fileRef = 5327B1E82F4DA52400BF1465 /* manifest.json */; };
		5327B1F12F4DA52400BF1465 /* content-script.js in Resources */ = {isa = PBXBuildFile; fileRef = 5327B1E92F4DA52400BF1465 /* content-script.js */; };
/* End PBXBuildFile section */

/* Begin PBXContainerItemProxy section */
		5327B1D22F4DA52400BF1465 /* PBXContainerItemProxy */ = {
			isa = PBXContainerItemProxy;
			containerPortal = 5327B1AD2F4DA52400BF1465 /* Project object */;
			proxyType = 1;
			remoteGlobalIDString = 5327B1CF2F4DA52400BF1465;
			remoteInfo = "SmoothScroll GPT Extension";
		};
/* End PBXContainerItemProxy section */

/* Begin PBXCopyFilesBuildPhase section */
		5327B1DD2F4DA52400BF1465 /* Embed Foundation Extensions */ = {
			isa = PBXCopyFilesBuildPhase;
			buildActionMask = 2147483647;
			dstPath = "";
			dstSubfolderSpec = 13;
			files = (
				5327B1D12F4DA52400BF1465 /* SmoothScroll GPT Extension.appex in Embed Foundation Extensions */,
			);
			name = "Embed Foundation Extensions";
			runOnlyForDeploymentPostprocessing = 0;
		};
/* End PBXCopyFilesBuildPhase section */

/* Begin PBXFileReference section */
		5327B1B52F4DA52400BF1465 /* SmoothScroll GPT.app */ = {isa = PBXFileReference; explicitFileType = wrapper.application; includeInIndex = 0; path = "SmoothScroll GPT.app"; sourceTree = BUILT_PRODUCTS_DIR; };
		5327B1B82F4DA52400BF1465 /* AppDelegate.swift */ = {isa = PBXFileReference; lastKnownFileType = sourcecode.swift; path = AppDelegate.swift; sourceTree = "<group>"; };
		5327B1BC2F4DA52400BF1465 /* Base */ = {isa = PBXFileReference; lastKnownFileType = text.html; name = Base; path = Base.lproj/Main.html; sourceTree = "<group>"; };
		5327B1BE2F4DA52400BF1465 /* Icon.png */ = {isa = PBXFileReference; lastKnownFileType = image.png; path = Icon.png; sourceTree = "<group>"; };
		5327B1C02F4DA52400BF1465 /* Style.css */ = {isa = PBXFileReference; lastKnownFileType = text.css; path = Style.css; sourceTree = "<group>"; };
		5327B1C22F4DA52400BF1465 /* Script.js */ = {isa = PBXFileReference; lastKnownFileType = sourcecode.javascript; path = Script.js; sourceTree = "<group>"; };
		5327B1C42F4DA52400BF1465 /* ViewController.swift */ = {isa = PBXFileReference; lastKnownFileType = sourcecode.swift; path = ViewController.swift; sourceTree = "<group>"; };
		5327B1C72F4DA52400BF1465 /* Base */ = {isa = PBXFileReference; lastKnownFileType = file.storyboard; name = Base; path = Base.lproj/Main.storyboard; sourceTree = "<group>"; };
		5327B1C92F4DA52400BF1465 /* Assets.xcassets */ = {isa = PBXFileReference; lastKnownFileType = folder.assetcatalog; path = Assets.xcassets; sourceTree = "<group>"; };
		5327B1CB2F4DA52400BF1465 /* Info.plist */ = {isa = PBXFileReference; lastKnownFileType = text.plist.xml; path = Info.plist; sourceTree = "<group>"; };
		5327B1D02F4DA52400BF1465 /* SmoothScroll GPT Extension.appex */ = {isa = PBXFileReference; explicitFileType = "wrapper.app-extension"; includeInIndex = 0; path = "SmoothScroll GPT Extension.appex"; sourceTree = BUILT_PRODUCTS_DIR; };
		5327B1D52F4DA52400BF1465 /* SafariWebExtensionHandler.swift */ = {isa = PBXFileReference; lastKnownFileType = sourcecode.swift; path = SafariWebExtensionHandler.swift; sourceTree = "<group>"; };
		5327B1D72F4DA52400BF1465 /* Info.plist */ = {isa = PBXFileReference; lastKnownFileType = text.plist.xml; path = Info.plist; sourceTree = "<group>"; };
		5327B1E22F4DA52400BF1465 /* options */ = {isa = PBXFileReference; lastKnownFileType = folder; name = options; path = Resources/options; sourceTree = "<group>"; };
		5327B1E32F4DA52400BF1465 /* popup */ = {isa = PBXFileReference; lastKnownFileType = folder; name = popup; path = Resources/popup; sourceTree = "<group>"; };
		5327B1E42F4DA52400BF1465 /* background.js */ = {isa = PBXFileReference; lastKnownFileType = sourcecode.javascript; name = background.js; path = Resources/background.js; sourceTree = "<group>"; };
		5327B1E52F4DA52400BF1465 /* shared */ = {isa = PBXFileReference; lastKnownFileType = folder; name = shared; path = Resources/shared; sourceTree = "<group>"; };
		5327B1E62F4DA52400BF1465 /* styles */ = {isa = PBXFileReference; lastKnownFileType = folder; name = styles; path = Resources/styles; sourceTree = "<group>"; };
		5327B1E72F4DA52400BF1465 /* icons */ = {isa = PBXFileReference; lastKnownFileType = folder; name = icons; path = Resources/icons; sourceTree = "<group>"; };
		5327B1E82F4DA52400BF1465 /* manifest.json */ = {isa = PBXFileReference; lastKnownFileType = text.json; name = manifest.json; path = Resources/manifest.json; sourceTree = "<group>"; };
		5327B1E92F4DA52400BF1465 /* content-script.js */ = {isa = PBXFileReference; lastKnownFileType = sourcecode.javascript; name = "content-script.js"; path = "Resources/content-script.js"; sourceTree = "<group>"; };
/* End PBXFileReference section */

/* Begin PBXFrameworksBuildPhase section */
		5327B1B22F4DA52400BF1465 /* Frameworks */ = {
			isa = PBXFrameworksBuildPhase;
			buildActionMask = 2147483647;
			files = (
			);
			runOnlyForDeploymentPostprocessing = 0;
		};
		5327B1CD2F4DA52400BF1465 /* Frameworks */ = {
			isa = PBXFrameworksBuildPhase;
			buildActionMask = 2147483647;
			files = (
			);
			runOnlyForDeploymentPostprocessing = 0;
		};
/* End PBXFrameworksBuildPhase section */

/* Begin PBXGroup section */
		5327B1AC2F4DA52400BF1465 = {
			isa = PBXGroup;
			children = (
				5327B1B72F4DA52400BF1465 /* SmoothScroll GPT */,
				5327B1D42F4DA52400BF1465 /* SmoothScroll GPT Extension */,
				5327B1B62F4DA52400BF1465 /* Products */,
			);
			sourceTree = "<group>";
		};
		5327B1B62F4DA52400BF1465 /* Products */ = {
			isa = PBXGroup;
			children = (
				5327B1B52F4DA52400BF1465 /* SmoothScroll GPT.app */,
				5327B1D02F4DA52400BF1465 /* SmoothScroll GPT Extension.appex */,
			);
			name = Products;
			sourceTree = "<group>";
		};
		5327B1B72F4DA52400BF1465 /* SmoothScroll GPT */ = {
			isa = PBXGroup;
			children = (
				5327B1B82F4DA52400BF1465 /* AppDelegate.swift */,
				5327B1C42F4DA52400BF1465 /* ViewController.swift */,
				5327B1C62F4DA52400BF1465 /* Main.storyboard */,
				5327B1C92F4DA52400BF1465 /* Assets.xcassets */,
				5327B1CB2F4DA52400BF1465 /* Info.plist */,
				5327B1BA2F4DA52400BF1465 /* Resources */,
			);
			path = "SmoothScroll GPT";
			sourceTree = "<group>";
		};
		5327B1BA2F4DA52400BF1465 /* Resources */ = {
			isa = PBXGroup;
			children = (
				5327B1BB2F4DA52400BF1465 /* Main.html */,
				5327B1BE2F4DA52400BF1465 /* Icon.png */,
				5327B1C02F4DA52400BF1465 /* Style.css */,
				5327B1C22F4DA52400BF1465 /* Script.js */,
			);
			path = Resources;
			sourceTree = "<group>";
		};
		5327B1D42F4DA52400BF1465 /* SmoothScroll GPT Extension */ = {
			isa = PBXGroup;
			children = (
				5327B1E12F4DA52400BF1465 /* Resources */,
				5327B1D52F4DA52400BF1465 /* SafariWebExtensionHandler.swift */,
				5327B1D72F4DA52400BF1465 /* Info.plist */,
			);
			path = "SmoothScroll GPT Extension";
			sourceTree = "<group>";
		};
		5327B1E12F4DA52400BF1465 /* Resources */ = {
			isa = PBXGroup;
			children = (
				5327B1E22F4DA52400BF1465 /* options */,
				5327B1E32F4DA52400BF1465 /* popup */,
				5327B1E42F4DA52400BF1465 /* background.js */,
				5327B1E52F4DA52400BF1465 /* shared */,
				5327B1E62F4DA52400BF1465 /* styles */,
				5327B1E72F4DA52400BF1465 /* icons */,
				5327B1E82F4DA52400BF1465 /* manifest.json */,
				5327B1E92F4DA52400BF1465 /* content-script.js */,
			);
			name = Resources;
			path = "SmoothScroll GPT Extension";
			sourceTree = SOURCE_ROOT;
		};
/* End PBXGroup section */

/* Begin PBXNativeTarget section */
		5327B1B42F4DA52400BF1465 /* SmoothScroll GPT */ = {
			isa = PBXNativeTarget;
			buildConfigurationList = 5327B1DE2F4DA52400BF1465 /* Build configuration list for PBXNativeTarget "SmoothScroll GPT" */;
			buildPhases = (
				5327B1B12F4DA52400BF1465 /* Sources */,
				5327B1B22F4DA52400BF1465 /* Frameworks */,
				5327B1B32F4DA52400BF1465 /* Resources */,
				5327B1DD2F4DA52400BF1465 /* Embed Foundation Extensions */,
			);
			buildRules = (
			);
			dependencies = (
				5327B1D32F4DA52400BF1465 /* PBXTargetDependency */,
			);
			name = "SmoothScroll GPT";
			packageProductDependencies = (
			);
			productName = "SmoothScroll GPT";
			productReference = 5327B1B52F4DA52400BF1465 /* SmoothScroll GPT.app */;
			productType = "com.apple.product-type.application";
		};
		5327B1CF2F4DA52400BF1465 /* SmoothScroll GPT Extension */ = {
			isa = PBXNativeTarget;
			buildConfigurationList = 5327B1DA2F4DA52400BF1465 /* Build configuration list for PBXNativeTarget "SmoothScroll GPT Extension" */;
			buildPhases = (
				5327B1CC2F4DA52400BF1465 /* Sources */,
				5327B1CD2F4DA52400BF1465 /* Frameworks */,
				5327B1CE2F4DA52400BF1465 /* Resources */,
			);
			buildRules = (
			);
			dependencies = (
			);
			name = "SmoothScroll GPT Extension";
			packageProductDependencies = (
			);
			productName = "SmoothScroll GPT Extension";
			productReference = 5327B1D02F4DA52400BF1465 /* SmoothScroll GPT Extension.appex */;
			productType = "com.apple.product-type.app-extension";
		};
/* End PBXNativeTarget section */

/* Begin PBXProject section */
		5327B1AD2F4DA52400BF1465 /* Project object */ = {
			isa = PBXProject;
			attributes = {
				BuildIndependentTargetsInParallel = 1;
				LastSwiftUpdateCheck = 2620;
				LastUpgradeCheck = 2620;
				TargetAttributes = {
					5327B1B42F4DA52400BF1465 = {
						CreatedOnToolsVersion = 26.2;
					};
					5327B1CF2F4DA52400BF1465 = {
						CreatedOnToolsVersion = 26.2;
					};
				};
			};
			buildConfigurationList = 5327B1B02F4DA52400BF1465 /* Build configuration list for PBXProject "SmoothScroll GPT" */;
			developmentRegion = en;
			hasScannedForEncodings = 0;
			knownRegions = (
				en,
				Base,
			);
			mainGroup = 5327B1AC2F4DA52400BF1465;
			minimizedProjectReferenceProxies = 1;
			preferredProjectObjectVersion = 77;
			productRefGroup = 5327B1B62F4DA52400BF1465 /* Products */;
			projectDirPath = "";
			projectRoot = "";
			targets = (
				5327B1B42F4DA52400BF1465 /* SmoothScroll GPT */,
				5327B1CF2F4DA52400BF1465 /* SmoothScroll GPT Extension */,
			);
		};
/* End PBXProject section */

/* Begin PBXResourcesBuildPhase section */
		5327B1B32F4DA52400BF1465 /* Resources */ = {
			isa = PBXResourcesBuildPhase;
			buildActionMask = 2147483647;
			files = (
				5327B1BF2F4DA52400BF1465 /* Icon.png in Resources */,
				5327B1C82F4DA52400BF1465 /* Main.storyboard in Resources */,
				5327B1C32F4DA52400BF1465 /* Script.js in Resources */,
				5327B1BD2F4DA52400BF1465 /* Main.html in Resources */,
				5327B1CA2F4DA52400BF1465 /* Assets.xcassets in Resources */,
				5327B1C12F4DA52400BF1465 /* Style.css in Resources */,
			);
			runOnlyForDeploymentPostprocessing = 0;
		};
		5327B1CE2F4DA52400BF1465 /* Resources */ = {
			isa = PBXResourcesBuildPhase;
			buildActionMask = 2147483647;
			files = (
				5327B1EE2F4DA52400BF1465 /* styles in Resources */,
				5327B1F12F4DA52400BF1465 /* content-script.js in Resources */,
				5327B1F02F4DA52400BF1465 /* manifest.json in Resources */,
				5327B1EA2F4DA52400BF1465 /* options in Resources */,
				5327B1ED2F4DA52400BF1465 /* shared in Resources */,
				5327B1EF2F4DA52400BF1465 /* icons in Resources */,
				5327B1EC2F4DA52400BF1465 /* background.js in Resources */,
				5327B1EB2F4DA52400BF1465 /* popup in Resources */,
			);
			runOnlyForDeploymentPostprocessing = 0;
		};
/* End PBXResourcesBuildPhase section */

/* Begin PBXSourcesBuildPhase section */
		5327B1B12F4DA52400BF1465 /* Sources */ = {
			isa = PBXSourcesBuildPhase;
			buildActionMask = 2147483647;
			files = (
				5327B1C52F4DA52400BF1465 /* ViewController.swift in Sources */,
				5327B1B92F4DA52400BF1465 /* AppDelegate.swift in Sources */,
			);
			runOnlyForDeploymentPostprocessing = 0;
		};
		5327B1CC2F4DA52400BF1465 /* Sources */ = {
			isa = PBXSourcesBuildPhase;
			buildActionMask = 2147483647;
			files = (
				5327B1D62F4DA52400BF1465 /* SafariWebExtensionHandler.swift in Sources */,
			);
			runOnlyForDeploymentPostprocessing = 0;
		};
/* End PBXSourcesBuildPhase section */

/* Begin PBXTargetDependency section */
		5327B1D32F4DA52400BF1465 /* PBXTargetDependency */ = {
			isa = PBXTargetDependency;
			target = 5327B1CF2F4DA52400BF1465 /* SmoothScroll GPT Extension */;
			targetProxy = 5327B1D22F4DA52400BF1465 /* PBXContainerItemProxy */;
		};
/* End PBXTargetDependency section */

/* Begin PBXVariantGroup section */
		5327B1BB2F4DA52400BF1465 /* Main.html */ = {
			isa = PBXVariantGroup;
			children = (
				5327B1BC2F4DA52400BF1465 /* Base */,
			);
			name = Main.html;
			sourceTree = "<group>";
		};
		5327B1C62F4DA52400BF1465 /* Main.storyboard */ = {
			isa = PBXVariantGroup;
			children = (
				5327B1C72F4DA52400BF1465 /* Base */,
			);
			name = Main.storyboard;
			sourceTree = "<group>";
		};
/* End PBXVariantGroup section */

/* Begin XCBuildConfiguration section */
		5327B1D82F4DA52400BF1465 /* Debug */ = {
			isa = XCBuildConfiguration;
			buildSettings = {
				ALWAYS_SEARCH_USER_PATHS = NO;
				ASSETCATALOG_COMPILER_GENERATE_SWIFT_ASSET_SYMBOL_EXTENSIONS = YES;
				CLANG_ANALYZER_NONNULL = YES;
				CLANG_ANALYZER_NUMBER_OBJECT_CONVERSION = YES_AGGRESSIVE;
				CLANG_CXX_LANGUAGE_STANDARD = "gnu++20";
				CLANG_ENABLE_MODULES = YES;
				CLANG_ENABLE_OBJC_ARC = YES;
				CLANG_ENABLE_OBJC_WEAK = YES;
				CLANG_WARN_BLOCK_CAPTURE_AUTORELEASING = YES;
				CLANG_WARN_BOOL_CONVERSION = YES;
				CLANG_WARN_COMMA = YES;
				CLANG_WARN_CONSTANT_CONVERSION = YES;
				CLANG_WARN_DEPRECATED_OBJC_IMPLEMENTATIONS = YES;
				CLANG_WARN_DIRECT_OBJC_ISA_USAGE = YES_ERROR;
				CLANG_WARN_DOCUMENTATION_COMMENTS = YES;
				CLANG_WARN_EMPTY_BODY = YES;
				CLANG_WARN_ENUM_CONVERSION = YES;
				CLANG_WARN_INFINITE_RECURSION = YES;
				CLANG_WARN_INT_CONVERSION = YES;
				CLANG_WARN_NON_LITERAL_NULL_CONVERSION = YES;
				CLANG_WARN_OBJC_IMPLICIT_RETAIN_SELF = YES;
				CLANG_WARN_OBJC_LITERAL_CONVERSION = YES;
				CLANG_WARN_OBJC_ROOT_CLASS = YES_ERROR;
				CLANG_WARN_QUOTED_INCLUDE_IN_FRAMEWORK_HEADER = YES;
				CLANG_WARN_RANGE_LOOP_ANALYSIS = YES;
				CLANG_WARN_STRICT_PROTOTYPES = YES;
				CLANG_WARN_SUSPICIOUS_MOVE = YES;
				CLANG_WARN_UNGUARDED_AVAILABILITY = YES_AGGRESSIVE;
				CLANG_WARN_UNREACHABLE_CODE = YES;
				CLANG_WARN__DUPLICATE_METHOD_MATCH = YES;
				COPY_PHASE_STRIP = NO;
				DEBUG_INFORMATION_FORMAT = dwarf;
				ENABLE_STRICT_OBJC_MSGSEND = YES;
				ENABLE_TESTABILITY = YES;
				ENABLE_USER_SCRIPT_SANDBOXING = YES;
				GCC_C_LANGUAGE_STANDARD = gnu17;
				GCC_DYNAMIC_NO_PIC = NO;
				GCC_NO_COMMON_BLOCKS = YES;
				GCC_OPTIMIZATION_LEVEL = 0;
				GCC_PREPROCESSOR_DEFINITIONS = (
					"DEBUG=1",
					"$(inherited)",
				);
				GCC_WARN_64_TO_32_BIT_CONVERSION = YES;
				GCC_WARN_ABOUT_RETURN_TYPE = YES_ERROR;
				GCC_WARN_UNDECLARED_SELECTOR = YES;
				GCC_WARN_UNINITIALIZED_AUTOS = YES_AGGRESSIVE;
				GCC_WARN_UNUSED_FUNCTION = YES;
				GCC_WARN_UNUSED_VARIABLE = YES;
				LOCALIZATION_PREFERS_STRING_CATALOGS = YES;
				MACOSX_DEPLOYMENT_TARGET = 26.2;
				MTL_ENABLE_DEBUG_INFO = INCLUDE_SOURCE;
				MTL_FAST_MATH = YES;
				ONLY_ACTIVE_ARCH = YES;
				SDKROOT = macosx;
				SWIFT_ACTIVE_COMPILATION_CONDITIONS = "DEBUG $(inherited)";
				SWIFT_OPTIMIZATION_LEVEL = "-Onone";
			};
			name = Debug;
		};
		5327B1D92F4DA52400BF1465 /* Release */ = {
			isa = XCBuildConfiguration;
			buildSettings = {
				ALWAYS_SEARCH_USER_PATHS = NO;
				ASSETCATALOG_COMPILER_GENERATE_SWIFT_ASSET_SYMBOL_EXTENSIONS = YES;
				CLANG_ANALYZER_NONNULL = YES;
				CLANG_ANALYZER_NUMBER_OBJECT_CONVERSION = YES_AGGRESSIVE;
				CLANG_CXX_LANGUAGE_STANDARD = "gnu++20";
				CLANG_ENABLE_MODULES = YES;
				CLANG_ENABLE_OBJC_ARC = YES;
				CLANG_ENABLE_OBJC_WEAK = YES;
				CLANG_WARN_BLOCK_CAPTURE_AUTORELEASING = YES;
				CLANG_WARN_BOOL_CONVERSION = YES;
				CLANG_WARN_COMMA = YES;
				CLANG_WARN_CONSTANT_CONVERSION = YES;
				CLANG_WARN_DEPRECATED_OBJC_IMPLEMENTATIONS = YES;
				CLANG_WARN_DIRECT_OBJC_ISA_USAGE = YES_ERROR;
				CLANG_WARN_DOCUMENTATION_COMMENTS = YES;
				CLANG_WARN_EMPTY_BODY = YES;
				CLANG_WARN_ENUM_CONVERSION = YES;
				CLANG_WARN_INFINITE_RECURSION = YES;
				CLANG_WARN_INT_CONVERSION = YES;
				CLANG_WARN_NON_LITERAL_NULL_CONVERSION = YES;
				CLANG_WARN_OBJC_IMPLICIT_RETAIN_SELF = YES;
				CLANG_WARN_OBJC_LITERAL_CONVERSION = YES;
				CLANG_WARN_OBJC_ROOT_CLASS = YES_ERROR;
				CLANG_WARN_QUOTED_INCLUDE_IN_FRAMEWORK_HEADER = YES;
				CLANG_WARN_RANGE_LOOP_ANALYSIS = YES;
				CLANG_WARN_STRICT_PROTOTYPES = YES;
				CLANG_WARN_SUSPICIOUS_MOVE = YES;
				CLANG_WARN_UNGUARDED_AVAILABILITY = YES_AGGRESSIVE;
				CLANG_WARN_UNREACHABLE_CODE = YES;
				CLANG_WARN__DUPLICATE_METHOD_MATCH = YES;
				COPY_PHASE_STRIP = NO;
				DEBUG_INFORMATION_FORMAT = "dwarf-with-dsym";
				ENABLE_NS_ASSERTIONS = NO;
				ENABLE_STRICT_OBJC_MSGSEND = YES;
				ENABLE_USER_SCRIPT_SANDBOXING = YES;
				GCC_C_LANGUAGE_STANDARD = gnu17;
				GCC_NO_COMMON_BLOCKS = YES;
				GCC_WARN_64_TO_32_BIT_CONVERSION = YES;
				GCC_WARN_ABOUT_RETURN_TYPE = YES_ERROR;
				GCC_WARN_UNDECLARED_SELECTOR = YES;
				GCC_WARN_UNINITIALIZED_AUTOS = YES_AGGRESSIVE;
				GCC_WARN_UNUSED_FUNCTION = YES;
				GCC_WARN_UNUSED_VARIABLE = YES;
				LOCALIZATION_PREFERS_STRING_CATALOGS = YES;
				MACOSX_DEPLOYMENT_TARGET = 26.2;
				MTL_ENABLE_DEBUG_INFO = NO;
				MTL_FAST_MATH = YES;
				SDKROOT = macosx;
				SWIFT_COMPILATION_MODE = wholemodule;
			};
			name = Release;
		};
		5327B1DB2F4DA52400BF1465 /* Debug */ = {
			isa = XCBuildConfiguration;
			buildSettings = {
				CODE_SIGN_STYLE = Automatic;
				CURRENT_PROJECT_VERSION = 1;
				ENABLE_APP_SANDBOX = YES;
				ENABLE_HARDENED_RUNTIME = YES;
				ENABLE_USER_SELECTED_FILES = readonly;
				GENERATE_INFOPLIST_FILE = YES;
				INFOPLIST_FILE = "SmoothScroll GPT Extension/Info.plist";
				INFOPLIST_KEY_CFBundleDisplayName = "SmoothScroll GPT Extension";
				INFOPLIST_KEY_NSHumanReadableCopyright = "";
				LD_RUNPATH_SEARCH_PATHS = (
					"$(inherited)",
					"@executable_path/../Frameworks",
					"@executable_path/../../../../Frameworks",
				);
				MACOSX_DEPLOYMENT_TARGET = 10.14;
				MARKETING_VERSION = 1.0;
				OTHER_LDFLAGS = (
					"-framework",
					SafariServices,
				);
				PRODUCT_BUNDLE_IDENTIFIER = com.shuitatata.smoothscrollgpt.extension;
				PRODUCT_NAME = "$(TARGET_NAME)";
				SKIP_INSTALL = YES;
				STRING_CATALOG_GENERATE_SYMBOLS = YES;
				SWIFT_APPROACHABLE_CONCURRENCY = YES;
				SWIFT_EMIT_LOC_STRINGS = YES;
				SWIFT_UPCOMING_FEATURE_MEMBER_IMPORT_VISIBILITY = YES;
				SWIFT_VERSION = 5.0;
			};
			name = Debug;
		};
		5327B1DC2F4DA52400BF1465 /* Release */ = {
			isa = XCBuildConfiguration;
			buildSettings = {
				CODE_SIGN_STYLE = Automatic;
				CURRENT_PROJECT_VERSION = 1;
				ENABLE_APP_SANDBOX = YES;
				ENABLE_HARDENED_RUNTIME = YES;
				ENABLE_USER_SELECTED_FILES = readonly;
				GENERATE_INFOPLIST_FILE = YES;
				INFOPLIST_FILE = "SmoothScroll GPT Extension/Info.plist";
				INFOPLIST_KEY_CFBundleDisplayName = "SmoothScroll GPT Extension";
				INFOPLIST_KEY_NSHumanReadableCopyright = "";
				LD_RUNPATH_SEARCH_PATHS = (
					"$(inherited)",
					"@executable_path/../Frameworks",
					"@executable_path/../../../../Frameworks",
				);
				MACOSX_DEPLOYMENT_TARGET = 10.14;
				MARKETING_VERSION = 1.0;
				OTHER_LDFLAGS = (
					"-framework",
					SafariServices,
				);
				PRODUCT_BUNDLE_IDENTIFIER = com.shuitatata.smoothscrollgpt.extension;
				PRODUCT_NAME = "$(TARGET_NAME)";
				SKIP_INSTALL = YES;
				STRING_CATALOG_GENERATE_SYMBOLS = YES;
				SWIFT_APPROACHABLE_CONCURRENCY = YES;
				SWIFT_EMIT_LOC_STRINGS = YES;
				SWIFT_UPCOMING_FEATURE_MEMBER_IMPORT_VISIBILITY = YES;
				SWIFT_VERSION = 5.0;
			};
			name = Release;
		};
		5327B1DF2F4DA52400BF1465 /* Debug */ = {
			isa = XCBuildConfiguration;
			buildSettings = {
				ASSETCATALOG_COMPILER_APPICON_NAME = AppIcon;
				ASSETCATALOG_COMPILER_GLOBAL_ACCENT_COLOR_NAME = AccentColor;
				CODE_SIGN_STYLE = Automatic;
				COMBINE_HIDPI_IMAGES = YES;
				CURRENT_PROJECT_VERSION = 1;
				ENABLE_APP_SANDBOX = YES;
				ENABLE_HARDENED_RUNTIME = YES;
				ENABLE_OUTGOING_NETWORK_CONNECTIONS = YES;
				ENABLE_USER_SELECTED_FILES = readonly;
				GENERATE_INFOPLIST_FILE = YES;
				INFOPLIST_FILE = "SmoothScroll GPT/Info.plist";
				INFOPLIST_KEY_CFBundleDisplayName = "SmoothScroll GPT";
				INFOPLIST_KEY_NSHumanReadableCopyright = "";
				INFOPLIST_KEY_NSMainStoryboardFile = Main;
				INFOPLIST_KEY_NSPrincipalClass = NSApplication;
				LD_RUNPATH_SEARCH_PATHS = (
					"$(inherited)",
					"@executable_path/../Frameworks",
				);
				MARKETING_VERSION = 1.0;
				OTHER_LDFLAGS = (
					"-framework",
					SafariServices,
					"-framework",
					WebKit,
				);
				PRODUCT_BUNDLE_IDENTIFIER = com.shuitatata.smoothscrollgpt;
				PRODUCT_NAME = "$(TARGET_NAME)";
				REGISTER_APP_GROUPS = YES;
				STRING_CATALOG_GENERATE_SYMBOLS = YES;
				SWIFT_APPROACHABLE_CONCURRENCY = YES;
				SWIFT_DEFAULT_ACTOR_ISOLATION = MainActor;
				SWIFT_EMIT_LOC_STRINGS = YES;
				SWIFT_UPCOMING_FEATURE_MEMBER_IMPORT_VISIBILITY = YES;
				SWIFT_VERSION = 5.0;
			};
			name = Debug;
		};
		5327B1E02F4DA52400BF1465 /* Release */ = {
			isa = XCBuildConfiguration;
			buildSettings = {
				ASSETCATALOG_COMPILER_APPICON_NAME = AppIcon;
				ASSETCATALOG_COMPILER_GLOBAL_ACCENT_COLOR_NAME = AccentColor;
				CODE_SIGN_STYLE = Automatic;
				COMBINE_HIDPI_IMAGES = YES;
				CURRENT_PROJECT_VERSION = 1;
				ENABLE_APP_SANDBOX = YES;
				ENABLE_HARDENED_RUNTIME = YES;
				ENABLE_OUTGOING_NETWORK_CONNECTIONS = YES;
				ENABLE_USER_SELECTED_FILES = readonly;
				GENERATE_INFOPLIST_FILE = YES;
				INFOPLIST_FILE = "SmoothScroll GPT/Info.plist";
				INFOPLIST_KEY_CFBundleDisplayName = "SmoothScroll GPT";
				INFOPLIST_KEY_NSHumanReadableCopyright = "";
				INFOPLIST_KEY_NSMainStoryboardFile = Main;
				INFOPLIST_KEY_NSPrincipalClass = NSApplication;
				LD_RUNPATH_SEARCH_PATHS = (
					"$(inherited)",
					"@executable_path/../Frameworks",
				);
				MARKETING_VERSION = 1.0;
				OTHER_LDFLAGS = (
					"-framework",
					SafariServices,
					"-framework",
					WebKit,
				);
				PRODUCT_BUNDLE_IDENTIFIER = com.shuitatata.smoothscrollgpt;
				PRODUCT_NAME = "$(TARGET_NAME)";
				REGISTER_APP_GROUPS = YES;
				STRING_CATALOG_GENERATE_SYMBOLS = YES;
				SWIFT_APPROACHABLE_CONCURRENCY = YES;
				SWIFT_DEFAULT_ACTOR_ISOLATION = MainActor;
				SWIFT_EMIT_LOC_STRINGS = YES;
				SWIFT_UPCOMING_FEATURE_MEMBER_IMPORT_VISIBILITY = YES;
				SWIFT_VERSION = 5.0;
			};
			name = Release;
		};
/* End XCBuildConfiguration section */

/* Begin XCConfigurationList section */
		5327B1B02F4DA52400BF1465 /* Build configuration list for PBXProject "SmoothScroll GPT" */ = {
			isa = XCConfigurationList;
			buildConfigurations = (
				5327B1D82F4DA52400BF1465 /* Debug */,
				5327B1D92F4DA52400BF1465 /* Release */,
			);
			defaultConfigurationIsVisible = 0;
			defaultConfigurationName = Release;
		};
		5327B1DA2F4DA52400BF1465 /* Build configuration list for PBXNativeTarget "SmoothScroll GPT Extension" */ = {
			isa = XCConfigurationList;
			buildConfigurations = (
				5327B1DB2F4DA52400BF1465 /* Debug */,
				5327B1DC2F4DA52400BF1465 /* Release */,
			);
			defaultConfigurationIsVisible = 0;
			defaultConfigurationName = Release;
		};
		5327B1DE2F4DA52400BF1465 /* Build configuration list for PBXNativeTarget "SmoothScroll GPT" */ = {
			isa = XCConfigurationList;
			buildConfigurations = (
				5327B1DF2F4DA52400BF1465 /* Debug */,
				5327B1E02F4DA52400BF1465 /* Release */,
			);
			defaultConfigurationIsVisible = 0;
			defaultConfigurationName = Release;
		};
/* End XCConfigurationList section */
	};
	rootObject = 5327B1AD2F4DA52400BF1465 /* Project object */;
}
