// !$*UTF8*$!
{
	archiveVersion = 1;
	classes = {
	};
	objectVersion = 77;
	objects = {

/* Begin PBXBuildFile section */
		536DCC3F2F4CB899002D635E /* AppDelegate.swift in Sources */ = {isa = PBXBuildFile; fileRef = 536DCC3E2F4CB899002D635E /* AppDelegate.swift */; };
		536DCC432F4CB899002D635E /* Main.html in Resources */ = {isa = PBXBuildFile; fileRef = 536DCC412F4CB899002D635E /* Main.html */; };
		536DCC452F4CB899002D635E /* Icon.png in Resources */ = {isa = PBXBuildFile; fileRef = 536DCC442F4CB899002D635E /* Icon.png */; };
		536DCC472F4CB899002D635E /* Style.css in Resources */ = {isa = PBXBuildFile; fileRef = 536DCC462F4CB899002D635E /* Style.css */; };
		536DCC492F4CB899002D635E /* Script.js in Resources */ = {isa = PBXBuildFile; fileRef = 536DCC482F4CB899002D635E /* Script.js */; };
		536DCC4B2F4CB899002D635E /* ViewController.swift in Sources */ = {isa = PBXBuildFile; fileRef = 536DCC4A2F4CB899002D635E /* ViewController.swift */; };
		536DCC4E2F4CB899002D635E /* Main.storyboard in Resources */ = {isa = PBXBuildFile; fileRef = 536DCC4C2F4CB899002D635E /* Main.storyboard */; };
		536DCC502F4CB89A002D635E /* Assets.xcassets in Resources */ = {isa = PBXBuildFile; fileRef = 536DCC4F2F4CB89A002D635E /* Assets.xcassets */; };
		536DCC572F4CB89A002D635E /* SmoothScroll GPT Extension.appex in Embed Foundation Extensions */ = {isa = PBXBuildFile; fileRef = 536DCC562F4CB89A002D635E /* SmoothScroll GPT Extension.appex */; settings = {ATTRIBUTES = (RemoveHeadersOnCopy, ); }; };
		536DCC5C2F4CB89A002D635E /* SafariWebExtensionHandler.swift in Sources */ = {isa = PBXBuildFile; fileRef = 536DCC5B2F4CB89A002D635E /* SafariWebExtensionHandler.swift */; };
		536DCC702F4CB89A002D635E /* options in Resources */ = {isa = PBXBuildFile; fileRef = 536DCC682F4CB89A002D635E /* options */; };
		536DCC712F4CB89A002D635E /* popup in Resources */ = {isa = PBXBuildFile; fileRef = 536DCC692F4CB89A002D635E /* popup */; };
		536DCC722F4CB89A002D635E /* background.js in Resources */ = {isa = PBXBuildFile; fileRef = 536DCC6A2F4CB89A002D635E /* background.js */; };
		536DCC732F4CB89A002D635E /* shared in Resources */ = {isa = PBXBuildFile; fileRef = 536DCC6B2F4CB89A002D635E /* shared */; };
		536DCC742F4CB89A002D635E /* styles in Resources */ = {isa = PBXBuildFile; fileRef = 536DCC6C2F4CB89A002D635E /* styles */; };
		536DCC752F4CB89A002D635E /* icons in Resources */ = {isa = PBXBuildFile; fileRef = 536DCC6D2F4CB89A002D635E /* icons */; };
		536DCC762F4CB89A002D635E /* manifest.json in Resources */ = {isa = PBXBuildFile; fileRef = 536DCC6E2F4CB89A002D635E /* manifest.json */; };
		536DCC772F4CB89A002D635E /* content-script.js in Resources */ = {isa = PBXBuildFile; fileRef = 536DCC6F2F4CB89A002D635E /* content-script.js */; };
/* End PBXBuildFile section */

/* Begin PBXContainerItemProxy section */
		536DCC582F4CB89A002D635E /* PBXContainerItemProxy */ = {
			isa = PBXContainerItemProxy;
			containerPortal = 536DCC332F4CB899002D635E /* Project object */;
			proxyType = 1;
			remoteGlobalIDString = 536DCC552F4CB89A002D635E;
			remoteInfo = "SmoothScroll GPT Extension";
		};
/* End PBXContainerItemProxy section */

/* Begin PBXCopyFilesBuildPhase section */
		536DCC632F4CB89A002D635E /* Embed Foundation Extensions */ = {
			isa = PBXCopyFilesBuildPhase;
			buildActionMask = 2147483647;
			dstPath = "";
			dstSubfolderSpec = 13;
			files = (
				536DCC572F4CB89A002D635E /* SmoothScroll GPT Extension.appex in Embed Foundation Extensions */,
			);
			name = "Embed Foundation Extensions";
			runOnlyForDeploymentPostprocessing = 0;
		};
/* End PBXCopyFilesBuildPhase section */

/* Begin PBXFileReference section */
		536DCC3B2F4CB899002D635E /* SmoothScroll GPT.app */ = {isa = PBXFileReference; explicitFileType = wrapper.application; includeInIndex = 0; path = "SmoothScroll GPT.app"; sourceTree = BUILT_PRODUCTS_DIR; };
		536DCC3E2F4CB899002D635E /* AppDelegate.swift */ = {isa = PBXFileReference; lastKnownFileType = sourcecode.swift; path = AppDelegate.swift; sourceTree = "<group>"; };
		536DCC422F4CB899002D635E /* Base */ = {isa = PBXFileReference; lastKnownFileType = text.html; name = Base; path = Base.lproj/Main.html; sourceTree = "<group>"; };
		536DCC442F4CB899002D635E /* Icon.png */ = {isa = PBXFileReference; lastKnownFileType = image.png; path = Icon.png; sourceTree = "<group>"; };
		536DCC462F4CB899002D635E /* Style.css */ = {isa = PBXFileReference; lastKnownFileType = text.css; path = Style.css; sourceTree = "<group>"; };
		536DCC482F4CB899002D635E /* Script.js */ = {isa = PBXFileReference; lastKnownFileType = sourcecode.javascript; path = Script.js; sourceTree = "<group>"; };
		536DCC4A2F4CB899002D635E /* ViewController.swift */ = {isa = PBXFileReference; lastKnownFileType = sourcecode.swift; path = ViewController.swift; sourceTree = "<group>"; };
		536DCC4D2F4CB899002D635E /* Base */ = {isa = PBXFileReference; lastKnownFileType = file.storyboard; name = Base; path = Base.lproj/Main.storyboard; sourceTree = "<group>"; };
		536DCC4F2F4CB89A002D635E /* Assets.xcassets */ = {isa = PBXFileReference; lastKnownFileType = folder.assetcatalog; path = Assets.xcassets; sourceTree = "<group>"; };
		536DCC512F4CB89A002D635E /* Info.plist */ = {isa = PBXFileReference; lastKnownFileType = text.plist.xml; path = Info.plist; sourceTree = "<group>"; };
		536DCC562F4CB89A002D635E /* SmoothScroll GPT Extension.appex */ = {isa = PBXFileReference; explicitFileType = "wrapper.app-extension"; includeInIndex = 0; path = "SmoothScroll GPT Extension.appex"; sourceTree = BUILT_PRODUCTS_DIR; };
		536DCC5B2F4CB89A002D635E /* SafariWebExtensionHandler.swift */ = {isa = PBXFileReference; lastKnownFileType = sourcecode.swift; path = SafariWebExtensionHandler.swift; sourceTree = "<group>"; };
		536DCC5D2F4CB89A002D635E /* Info.plist */ = {isa = PBXFileReference; lastKnownFileType = text.plist.xml; path = Info.plist; sourceTree = "<group>"; };
		536DCC682F4CB89A002D635E /* options */ = {isa = PBXFileReference; lastKnownFileType = folder; name = options; path = Resources/options; sourceTree = "<group>"; };
		536DCC692F4CB89A002D635E /* popup */ = {isa = PBXFileReference; lastKnownFileType = folder; name = popup; path = Resources/popup; sourceTree = "<group>"; };
		536DCC6A2F4CB89A002D635E /* background.js */ = {isa = PBXFileReference; lastKnownFileType = sourcecode.javascript; name = background.js; path = Resources/background.js; sourceTree = "<group>"; };
		536DCC6B2F4CB89A002D635E /* shared */ = {isa = PBXFileReference; lastKnownFileType = folder; name = shared; path = Resources/shared; sourceTree = "<group>"; };
		536DCC6C2F4CB89A002D635E /* styles */ = {isa = PBXFileReference; lastKnownFileType = folder; name = styles; path = Resources/styles; sourceTree = "<group>"; };
		536DCC6D2F4CB89A002D635E /* icons */ = {isa = PBXFileReference; lastKnownFileType = folder; name = icons; path = Resources/icons; sourceTree = "<group>"; };
		536DCC6E2F4CB89A002D635E /* manifest.json */ = {isa = PBXFileReference; lastKnownFileType = text.json; name = manifest.json; path = Resources/manifest.json; sourceTree = "<group>"; };
		536DCC6F2F4CB89A002D635E /* content-script.js */ = {isa = PBXFileReference; lastKnownFileType = sourcecode.javascript; name = "content-script.js"; path = "Resources/content-script.js"; sourceTree = "<group>"; };
/* End PBXFileReference section */

/* Begin PBXFrameworksBuildPhase section */
		536DCC382F4CB899002D635E /* Frameworks */ = {
			isa = PBXFrameworksBuildPhase;
			buildActionMask = 2147483647;
			files = (
			);
			runOnlyForDeploymentPostprocessing = 0;
		};
		536DCC532F4CB89A002D635E /* Frameworks */ = {
			isa = PBXFrameworksBuildPhase;
			buildActionMask = 2147483647;
			files = (
			);
			runOnlyForDeploymentPostprocessing = 0;
		};
/* End PBXFrameworksBuildPhase section */

/* Begin PBXGroup section */
		536DCC322F4CB899002D635E = {
			isa = PBXGroup;
			children = (
				536DCC3D2F4CB899002D635E /* SmoothScroll GPT */,
				536DCC5A2F4CB89A002D635E /* SmoothScroll GPT Extension */,
				536DCC3C2F4CB899002D635E /* Products */,
			);
			sourceTree = "<group>";
		};
		536DCC3C2F4CB899002D635E /* Products */ = {
			isa = PBXGroup;
			children = (
				536DCC3B2F4CB899002D635E /* SmoothScroll GPT.app */,
				536DCC562F4CB89A002D635E /* SmoothScroll GPT Extension.appex */,
			);
			name = Products;
			sourceTree = "<group>";
		};
		536DCC3D2F4CB899002D635E /* SmoothScroll GPT */ = {
			isa = PBXGroup;
			children = (
				536DCC3E2F4CB899002D635E /* AppDelegate.swift */,
				536DCC4A2F4CB899002D635E /* ViewController.swift */,
				536DCC4C2F4CB899002D635E /* Main.storyboard */,
				536DCC4F2F4CB89A002D635E /* Assets.xcassets */,
				536DCC512F4CB89A002D635E /* Info.plist */,
				536DCC402F4CB899002D635E /* Resources */,
			);
			path = "SmoothScroll GPT";
			sourceTree = "<group>";
		};
		536DCC402F4CB899002D635E /* Resources */ = {
			isa = PBXGroup;
			children = (
				536DCC412F4CB899002D635E /* Main.html */,
				536DCC442F4CB899002D635E /* Icon.png */,
				536DCC462F4CB899002D635E /* Style.css */,
				536DCC482F4CB899002D635E /* Script.js */,
			);
			path = Resources;
			sourceTree = "<group>";
		};
		536DCC5A2F4CB89A002D635E /* SmoothScroll GPT Extension */ = {
			isa = PBXGroup;
			children = (
				536DCC672F4CB89A002D635E /* Resources */,
				536DCC5B2F4CB89A002D635E /* SafariWebExtensionHandler.swift */,
				536DCC5D2F4CB89A002D635E /* Info.plist */,
			);
			path = "SmoothScroll GPT Extension";
			sourceTree = "<group>";
		};
		536DCC672F4CB89A002D635E /* Resources */ = {
			isa = PBXGroup;
			children = (
				536DCC682F4CB89A002D635E /* options */,
				536DCC692F4CB89A002D635E /* popup */,
				536DCC6A2F4CB89A002D635E /* background.js */,
				536DCC6B2F4CB89A002D635E /* shared */,
				536DCC6C2F4CB89A002D635E /* styles */,
				536DCC6D2F4CB89A002D635E /* icons */,
				536DCC6E2F4CB89A002D635E /* manifest.json */,
				536DCC6F2F4CB89A002D635E /* content-script.js */,
			);
			name = Resources;
			path = "SmoothScroll GPT Extension";
			sourceTree = SOURCE_ROOT;
		};
/* End PBXGroup section */

/* Begin PBXNativeTarget section */
		536DCC3A2F4CB899002D635E /* SmoothScroll GPT */ = {
			isa = PBXNativeTarget;
			buildConfigurationList = 536DCC642F4CB89A002D635E /* Build configuration list for PBXNativeTarget "SmoothScroll GPT" */;
			buildPhases = (
				536DCC372F4CB899002D635E /* Sources */,
				536DCC382F4CB899002D635E /* Frameworks */,
				536DCC392F4CB899002D635E /* Resources */,
				536DCC632F4CB89A002D635E /* Embed Foundation Extensions */,
			);
			buildRules = (
			);
			dependencies = (
				536DCC592F4CB89A002D635E /* PBXTargetDependency */,
			);
			name = "SmoothScroll GPT";
			packageProductDependencies = (
			);
			productName = "SmoothScroll GPT";
			productReference = 536DCC3B2F4CB899002D635E /* SmoothScroll GPT.app */;
			productType = "com.apple.product-type.application";
		};
		536DCC552F4CB89A002D635E /* SmoothScroll GPT Extension */ = {
			isa = PBXNativeTarget;
			buildConfigurationList = 536DCC602F4CB89A002D635E /* Build configuration list for PBXNativeTarget "SmoothScroll GPT Extension" */;
			buildPhases = (
				536DCC522F4CB89A002D635E /* Sources */,
				536DCC532F4CB89A002D635E /* Frameworks */,
				536DCC542F4CB89A002D635E /* Resources */,
			);
			buildRules = (
			);
			dependencies = (
			);
			name = "SmoothScroll GPT Extension";
			packageProductDependencies = (
			);
			productName = "SmoothScroll GPT Extension";
			productReference = 536DCC562F4CB89A002D635E /* SmoothScroll GPT Extension.appex */;
			productType = "com.apple.product-type.app-extension";
		};
/* End PBXNativeTarget section */

/* Begin PBXProject section */
		536DCC332F4CB899002D635E /* Project object */ = {
			isa = PBXProject;
			attributes = {
				BuildIndependentTargetsInParallel = 1;
				LastSwiftUpdateCheck = 2620;
				LastUpgradeCheck = 2620;
				TargetAttributes = {
					536DCC3A2F4CB899002D635E = {
						CreatedOnToolsVersion = 26.2;
					};
					536DCC552F4CB89A002D635E = {
						CreatedOnToolsVersion = 26.2;
					};
				};
			};
			buildConfigurationList = 536DCC362F4CB899002D635E /* Build configuration list for PBXProject "SmoothScroll GPT" */;
			developmentRegion = en;
			hasScannedForEncodings = 0;
			knownRegions = (
				en,
				Base,
			);
			mainGroup = 536DCC322F4CB899002D635E;
			minimizedProjectReferenceProxies = 1;
			preferredProjectObjectVersion = 77;
			productRefGroup = 536DCC3C2F4CB899002D635E /* Products */;
			projectDirPath = "";
			projectRoot = "";
			targets = (
				536DCC3A2F4CB899002D635E /* SmoothScroll GPT */,
				536DCC552F4CB89A002D635E /* SmoothScroll GPT Extension */,
			);
		};
/* End PBXProject section */

/* Begin PBXResourcesBuildPhase section */
		536DCC392F4CB899002D635E /* Resources */ = {
			isa = PBXResourcesBuildPhase;
			buildActionMask = 2147483647;
			files = (
				536DCC452F4CB899002D635E /* Icon.png in Resources */,
				536DCC4E2F4CB899002D635E /* Main.storyboard in Resources */,
				536DCC492F4CB899002D635E /* Script.js in Resources */,
				536DCC432F4CB899002D635E /* Main.html in Resources */,
				536DCC502F4CB89A002D635E /* Assets.xcassets in Resources */,
				536DCC472F4CB899002D635E /* Style.css in Resources */,
			);
			runOnlyForDeploymentPostprocessing = 0;
		};
		536DCC542F4CB89A002D635E /* Resources */ = {
			isa = PBXResourcesBuildPhase;
			buildActionMask = 2147483647;
			files = (
				536DCC742F4CB89A002D635E /* styles in Resources */,
				536DCC772F4CB89A002D635E /* content-script.js in Resources */,
				536DCC762F4CB89A002D635E /* manifest.json in Resources */,
				536DCC702F4CB89A002D635E /* options in Resources */,
				536DCC732F4CB89A002D635E /* shared in Resources */,
				536DCC752F4CB89A002D635E /* icons in Resources */,
				536DCC722F4CB89A002D635E /* background.js in Resources */,
				536DCC712F4CB89A002D635E /* popup in Resources */,
			);
			runOnlyForDeploymentPostprocessing = 0;
		};
/* End PBXResourcesBuildPhase section */

/* Begin PBXSourcesBuildPhase section */
		536DCC372F4CB899002D635E /* Sources */ = {
			isa = PBXSourcesBuildPhase;
			buildActionMask = 2147483647;
			files = (
				536DCC4B2F4CB899002D635E /* ViewController.swift in Sources */,
				536DCC3F2F4CB899002D635E /* AppDelegate.swift in Sources */,
			);
			runOnlyForDeploymentPostprocessing = 0;
		};
		536DCC522F4CB89A002D635E /* Sources */ = {
			isa = PBXSourcesBuildPhase;
			buildActionMask = 2147483647;
			files = (
				536DCC5C2F4CB89A002D635E /* SafariWebExtensionHandler.swift in Sources */,
			);
			runOnlyForDeploymentPostprocessing = 0;
		};
/* End PBXSourcesBuildPhase section */

/* Begin PBXTargetDependency section */
		536DCC592F4CB89A002D635E /* PBXTargetDependency */ = {
			isa = PBXTargetDependency;
			target = 536DCC552F4CB89A002D635E /* SmoothScroll GPT Extension */;
			targetProxy = 536DCC582F4CB89A002D635E /* PBXContainerItemProxy */;
		};
/* End PBXTargetDependency section */

/* Begin PBXVariantGroup section */
		536DCC412F4CB899002D635E /* Main.html */ = {
			isa = PBXVariantGroup;
			children = (
				536DCC422F4CB899002D635E /* Base */,
			);
			name = Main.html;
			sourceTree = "<group>";
		};
		536DCC4C2F4CB899002D635E /* Main.storyboard */ = {
			isa = PBXVariantGroup;
			children = (
				536DCC4D2F4CB899002D635E /* Base */,
			);
			name = Main.storyboard;
			sourceTree = "<group>";
		};
/* End PBXVariantGroup section */

/* Begin XCBuildConfiguration section */
		536DCC5E2F4CB89A002D635E /* Debug */ = {
			isa = XCBuildConfiguration;
			buildSettings = {
				ALWAYS_SEARCH_USER_PATHS = NO;
				ASSETCATALOG_COMPILER_GENERATE_SWIFT_ASSET_SYMBOL_EXTENSIONS = YES;
				CLANG_ANALYZER_NONNULL = YES;
				CLANG_ANALYZER_NUMBER_OBJECT_CONVERSION = YES_AGGRESSIVE;
				CLANG_CXX_LANGUAGE_STANDARD = "gnu++20";
				CLANG_ENABLE_MODULES = YES;
				CLANG_ENABLE_OBJC_ARC = YES;
				CLANG_ENABLE_OBJC_WEAK = YES;
				CLANG_WARN_BLOCK_CAPTURE_AUTORELEASING = YES;
				CLANG_WARN_BOOL_CONVERSION = YES;
				CLANG_WARN_COMMA = YES;
				CLANG_WARN_CONSTANT_CONVERSION = YES;
				CLANG_WARN_DEPRECATED_OBJC_IMPLEMENTATIONS = YES;
				CLANG_WARN_DIRECT_OBJC_ISA_USAGE = YES_ERROR;
				CLANG_WARN_DOCUMENTATION_COMMENTS = YES;
				CLANG_WARN_EMPTY_BODY = YES;
				CLANG_WARN_ENUM_CONVERSION = YES;
				CLANG_WARN_INFINITE_RECURSION = YES;
				CLANG_WARN_INT_CONVERSION = YES;
				CLANG_WARN_NON_LITERAL_NULL_CONVERSION = YES;
				CLANG_WARN_OBJC_IMPLICIT_RETAIN_SELF = YES;
				CLANG_WARN_OBJC_LITERAL_CONVERSION = YES;
				CLANG_WARN_OBJC_ROOT_CLASS = YES_ERROR;
				CLANG_WARN_QUOTED_INCLUDE_IN_FRAMEWORK_HEADER = YES;
				CLANG_WARN_RANGE_LOOP_ANALYSIS = YES;
				CLANG_WARN_STRICT_PROTOTYPES = YES;
				CLANG_WARN_SUSPICIOUS_MOVE = YES;
				CLANG_WARN_UNGUARDED_AVAILABILITY = YES_AGGRESSIVE;
				CLANG_WARN_UNREACHABLE_CODE = YES;
				CLANG_WARN__DUPLICATE_METHOD_MATCH = YES;
				COPY_PHASE_STRIP = NO;
				DEBUG_INFORMATION_FORMAT = dwarf;
				ENABLE_STRICT_OBJC_MSGSEND = YES;
				ENABLE_TESTABILITY = YES;
				ENABLE_USER_SCRIPT_SANDBOXING = YES;
				GCC_C_LANGUAGE_STANDARD = gnu17;
				GCC_DYNAMIC_NO_PIC = NO;
				GCC_NO_COMMON_BLOCKS = YES;
				GCC_OPTIMIZATION_LEVEL = 0;
				GCC_PREPROCESSOR_DEFINITIONS = (
					"DEBUG=1",
					"$(inherited)",
				);
				GCC_WARN_64_TO_32_BIT_CONVERSION = YES;
				GCC_WARN_ABOUT_RETURN_TYPE = YES_ERROR;
				GCC_WARN_UNDECLARED_SELECTOR = YES;
				GCC_WARN_UNINITIALIZED_AUTOS = YES_AGGRESSIVE;
				GCC_WARN_UNUSED_FUNCTION = YES;
				GCC_WARN_UNUSED_VARIABLE = YES;
				LOCALIZATION_PREFERS_STRING_CATALOGS = YES;
				MACOSX_DEPLOYMENT_TARGET = 26.2;
				MTL_ENABLE_DEBUG_INFO = INCLUDE_SOURCE;
				MTL_FAST_MATH = YES;
				ONLY_ACTIVE_ARCH = YES;
				SDKROOT = macosx;
				SWIFT_ACTIVE_COMPILATION_CONDITIONS = "DEBUG $(inherited)";
				SWIFT_OPTIMIZATION_LEVEL = "-Onone";
			};
			name = Debug;
		};
		536DCC5F2F4CB89A002D635E /* Release */ = {
			isa = XCBuildConfiguration;
			buildSettings = {
				ALWAYS_SEARCH_USER_PATHS = NO;
				ASSETCATALOG_COMPILER_GENERATE_SWIFT_ASSET_SYMBOL_EXTENSIONS = YES;
				CLANG_ANALYZER_NONNULL = YES;
				CLANG_ANALYZER_NUMBER_OBJECT_CONVERSION = YES_AGGRESSIVE;
				CLANG_CXX_LANGUAGE_STANDARD = "gnu++20";
				CLANG_ENABLE_MODULES = YES;
				CLANG_ENABLE_OBJC_ARC = YES;
				CLANG_ENABLE_OBJC_WEAK = YES;
				CLANG_WARN_BLOCK_CAPTURE_AUTORELEASING = YES;
				CLANG_WARN_BOOL_CONVERSION = YES;
				CLANG_WARN_COMMA = YES;
				CLANG_WARN_CONSTANT_CONVERSION = YES;
				CLANG_WARN_DEPRECATED_OBJC_IMPLEMENTATIONS = YES;
				CLANG_WARN_DIRECT_OBJC_ISA_USAGE = YES_ERROR;
				CLANG_WARN_DOCUMENTATION_COMMENTS = YES;
				CLANG_WARN_EMPTY_BODY = YES;
				CLANG_WARN_ENUM_CONVERSION = YES;
				CLANG_WARN_INFINITE_RECURSION = YES;
				CLANG_WARN_INT_CONVERSION = YES;
				CLANG_WARN_NON_LITERAL_NULL_CONVERSION = YES;
				CLANG_WARN_OBJC_IMPLICIT_RETAIN_SELF = YES;
				CLANG_WARN_OBJC_LITERAL_CONVERSION = YES;
				CLANG_WARN_OBJC_ROOT_CLASS = YES_ERROR;
				CLANG_WARN_QUOTED_INCLUDE_IN_FRAMEWORK_HEADER = YES;
				CLANG_WARN_RANGE_LOOP_ANALYSIS = YES;
				CLANG_WARN_STRICT_PROTOTYPES = YES;
				CLANG_WARN_SUSPICIOUS_MOVE = YES;
				CLANG_WARN_UNGUARDED_AVAILABILITY = YES_AGGRESSIVE;
				CLANG_WARN_UNREACHABLE_CODE = YES;
				CLANG_WARN__DUPLICATE_METHOD_MATCH = YES;
				COPY_PHASE_STRIP = NO;
				DEBUG_INFORMATION_FORMAT = "dwarf-with-dsym";
				ENABLE_NS_ASSERTIONS = NO;
				ENABLE_STRICT_OBJC_MSGSEND = YES;
				ENABLE_USER_SCRIPT_SANDBOXING = YES;
				GCC_C_LANGUAGE_STANDARD = gnu17;
				GCC_NO_COMMON_BLOCKS = YES;
				GCC_WARN_64_TO_32_BIT_CONVERSION = YES;
				GCC_WARN_ABOUT_RETURN_TYPE = YES_ERROR;
				GCC_WARN_UNDECLARED_SELECTOR = YES;
				GCC_WARN_UNINITIALIZED_AUTOS = YES_AGGRESSIVE;
				GCC_WARN_UNUSED_FUNCTION = YES;
				GCC_WARN_UNUSED_VARIABLE = YES;
				LOCALIZATION_PREFERS_STRING_CATALOGS = YES;
				MACOSX_DEPLOYMENT_TARGET = 26.2;
				MTL_ENABLE_DEBUG_INFO = NO;
				MTL_FAST_MATH = YES;
				SDKROOT = macosx;
				SWIFT_COMPILATION_MODE = wholemodule;
			};
			name = Release;
		};
		536DCC612F4CB89A002D635E /* Debug */ = {
			isa = XCBuildConfiguration;
			buildSettings = {
				CODE_SIGN_STYLE = Automatic;
				CURRENT_PROJECT_VERSION = 1;
				ENABLE_APP_SANDBOX = YES;
				ENABLE_HARDENED_RUNTIME = YES;
				ENABLE_USER_SELECTED_FILES = readonly;
				GENERATE_INFOPLIST_FILE = YES;
				INFOPLIST_FILE = "SmoothScroll GPT Extension/Info.plist";
				INFOPLIST_KEY_CFBundleDisplayName = "SmoothScroll GPT Extension";
				INFOPLIST_KEY_NSHumanReadableCopyright = "";
				LD_RUNPATH_SEARCH_PATHS = (
					"$(inherited)",
					"@executable_path/../Frameworks",
					"@executable_path/../../../../Frameworks",
				);
				MACOSX_DEPLOYMENT_TARGET = 10.14;
				MARKETING_VERSION = 1.0;
				OTHER_LDFLAGS = (
					"-framework",
					SafariServices,
				);
				PRODUCT_BUNDLE_IDENTIFIER = com.shuitatata.smoothscrollgpt.extension;
				PRODUCT_NAME = "$(TARGET_NAME)";
				SKIP_INSTALL = YES;
				STRING_CATALOG_GENERATE_SYMBOLS = YES;
				SWIFT_APPROACHABLE_CONCURRENCY = YES;
				SWIFT_EMIT_LOC_STRINGS = YES;
				SWIFT_UPCOMING_FEATURE_MEMBER_IMPORT_VISIBILITY = YES;
				SWIFT_VERSION = 5.0;
			};
			name = Debug;
		};
		536DCC622F4CB89A002D635E /* Release */ = {
			isa = XCBuildConfiguration;
			buildSettings = {
				CODE_SIGN_STYLE = Automatic;
				CURRENT_PROJECT_VERSION = 1;
				ENABLE_APP_SANDBOX = YES;
				ENABLE_HARDENED_RUNTIME = YES;
				ENABLE_USER_SELECTED_FILES = readonly;
				GENERATE_INFOPLIST_FILE = YES;
				INFOPLIST_FILE = "SmoothScroll GPT Extension/Info.plist";
				INFOPLIST_KEY_CFBundleDisplayName = "SmoothScroll GPT Extension";
				INFOPLIST_KEY_NSHumanReadableCopyright = "";
				LD_RUNPATH_SEARCH_PATHS = (
					"$(inherited)",
					"@executable_path/../Frameworks",
					"@executable_path/../../../../Frameworks",
				);
				MACOSX_DEPLOYMENT_TARGET = 10.14;
				MARKETING_VERSION = 1.0;
				OTHER_LDFLAGS = (
					"-framework",
					SafariServices,
				);
				PRODUCT_BUNDLE_IDENTIFIER = com.shuitatata.smoothscrollgpt.extension;
				PRODUCT_NAME = "$(TARGET_NAME)";
				SKIP_INSTALL = YES;
				STRING_CATALOG_GENERATE_SYMBOLS = YES;
				SWIFT_APPROACHABLE_CONCURRENCY = YES;
				SWIFT_EMIT_LOC_STRINGS = YES;
				SWIFT_UPCOMING_FEATURE_MEMBER_IMPORT_VISIBILITY = YES;
				SWIFT_VERSION = 5.0;
			};
			name = Release;
		};
		536DCC652F4CB89A002D635E /* Debug */ = {
			isa = XCBuildConfiguration;
			buildSettings = {
				ASSETCATALOG_COMPILER_APPICON_NAME = AppIcon;
				ASSETCATALOG_COMPILER_GLOBAL_ACCENT_COLOR_NAME = AccentColor;
				CODE_SIGN_STYLE = Automatic;
				COMBINE_HIDPI_IMAGES = YES;
				CURRENT_PROJECT_VERSION = 1;
				ENABLE_APP_SANDBOX = YES;
				ENABLE_HARDENED_RUNTIME = YES;
				ENABLE_OUTGOING_NETWORK_CONNECTIONS = YES;
				ENABLE_USER_SELECTED_FILES = readonly;
				GENERATE_INFOPLIST_FILE = YES;
				INFOPLIST_FILE = "SmoothScroll GPT/Info.plist";
				INFOPLIST_KEY_CFBundleDisplayName = "SmoothScroll GPT";
				INFOPLIST_KEY_NSHumanReadableCopyright = "";
				INFOPLIST_KEY_NSMainStoryboardFile = Main;
				INFOPLIST_KEY_NSPrincipalClass = NSApplication;
				LD_RUNPATH_SEARCH_PATHS = (
					"$(inherited)",
					"@executable_path/../Frameworks",
				);
				MARKETING_VERSION = 1.0;
				OTHER_LDFLAGS = (
					"-framework",
					SafariServices,
					"-framework",
					WebKit,
				);
				PRODUCT_BUNDLE_IDENTIFIER = com.shuitatata.smoothscrollgpt;
				PRODUCT_NAME = "$(TARGET_NAME)";
				REGISTER_APP_GROUPS = YES;
				STRING_CATALOG_GENERATE_SYMBOLS = YES;
				SWIFT_APPROACHABLE_CONCURRENCY = YES;
				SWIFT_DEFAULT_ACTOR_ISOLATION = MainActor;
				SWIFT_EMIT_LOC_STRINGS = YES;
				SWIFT_UPCOMING_FEATURE_MEMBER_IMPORT_VISIBILITY = YES;
				SWIFT_VERSION = 5.0;
			};
			name = Debug;
		};
		536DCC662F4CB89A002D635E /* Release */ = {
			isa = XCBuildConfiguration;
			buildSettings = {
				ASSETCATALOG_COMPILER_APPICON_NAME = AppIcon;
				ASSETCATALOG_COMPILER_GLOBAL_ACCENT_COLOR_NAME = AccentColor;
				CODE_SIGN_STYLE = Automatic;
				COMBINE_HIDPI_IMAGES = YES;
				CURRENT_PROJECT_VERSION = 1;
				ENABLE_APP_SANDBOX = YES;
				ENABLE_HARDENED_RUNTIME = YES;
				ENABLE_OUTGOING_NETWORK_CONNECTIONS = YES;
				ENABLE_USER_SELECTED_FILES = readonly;
				GENERATE_INFOPLIST_FILE = YES;
				INFOPLIST_FILE = "SmoothScroll GPT/Info.plist";
				INFOPLIST_KEY_CFBundleDisplayName = "SmoothScroll GPT";
				INFOPLIST_KEY_NSHumanReadableCopyright = "";
				INFOPLIST_KEY_NSMainStoryboardFile = Main;
				INFOPLIST_KEY_NSPrincipalClass = NSApplication;
				LD_RUNPATH_SEARCH_PATHS = (
					"$(inherited)",
					"@executable_path/../Frameworks",
				);
				MARKETING_VERSION = 1.0;
				OTHER_LDFLAGS = (
					"-framework",
					SafariServices,
					"-framework",
					WebKit,
				);
				PRODUCT_BUNDLE_IDENTIFIER = com.shuitatata.smoothscrollgpt;
				PRODUCT_NAME = "$(TARGET_NAME)";
				REGISTER_APP_GROUPS = YES;
				STRING_CATALOG_GENERATE_SYMBOLS = YES;
				SWIFT_APPROACHABLE_CONCURRENCY = YES;
				SWIFT_DEFAULT_ACTOR_ISOLATION = MainActor;
				SWIFT_EMIT_LOC_STRINGS = YES;
				SWIFT_UPCOMING_FEATURE_MEMBER_IMPORT_VISIBILITY = YES;
				SWIFT_VERSION = 5.0;
			};
			name = Release;
		};
/* End XCBuildConfiguration section */

/* Begin XCConfigurationList section */
		536DCC362F4CB899002D635E /* Build configuration list for PBXProject "SmoothScroll GPT" */ = {
			isa = XCConfigurationList;
			buildConfigurations = (
				536DCC5E2F4CB89A002D635E /* Debug */,
				536DCC5F2F4CB89A002D635E /* Release */,
			);
			defaultConfigurationIsVisible = 0;
			defaultConfigurationName = Release;
		};
		536DCC602F4CB89A002D635E /* Build configuration list for PBXNativeTarget "SmoothScroll GPT Extension" */ = {
			isa = XCConfigurationList;
			buildConfigurations = (
				536DCC612F4CB89A002D635E /* Debug */,
				536DCC622F4CB89A002D635E /* Release */,
			);
			defaultConfigurationIsVisible = 0;
			defaultConfigurationName = Release;
		};
		536DCC642F4CB89A002D635E /* Build configuration list for PBXNativeTarget "SmoothScroll GPT" */ = {
			isa = XCConfigurationList;
			buildConfigurations = (
				536DCC652F4CB89A002D635E /* Debug */,
				536DCC662F4CB89A002D635E /* Release */,
			);
			defaultConfigurationIsVisible = 0;
			defaultConfigurationName = Release;
		};
/* End XCConfigurationList section */
	};
	rootObject = 536DCC332F4CB899002D635E /* Project object */;
}
