// !$*UTF8*$!
{
	archiveVersion = 1;
	classes = {
	};
	objectVersion = 77;
	objects = {

/* Begin PBXBuildFile section */
		53C6CA002F4CB29C008A19D3 /* AppDelegate.swift in Sources */ = {isa = PBXBuildFile; fileRef = 53C6C9FF2F4CB29C008A19D3 /* AppDelegate.swift */; };
		53C6CA042F4CB29C008A19D3 /* Main.html in Resources */ = {isa = PBXBuildFile; fileRef = 53C6CA022F4CB29C008A19D3 /* Main.html */; };
		53C6CA062F4CB29C008A19D3 /* Icon.png in Resources */ = {isa = PBXBuildFile; fileRef = 53C6CA052F4CB29C008A19D3 /* Icon.png */; };
		53C6CA082F4CB29C008A19D3 /* Style.css in Resources */ = {isa = PBXBuildFile; fileRef = 53C6CA072F4CB29C008A19D3 /* Style.css */; };
		53C6CA0A2F4CB29C008A19D3 /* Script.js in Resources */ = {isa = PBXBuildFile; fileRef = 53C6CA092F4CB29C008A19D3 /* Script.js */; };
		53C6CA0C2F4CB29C008A19D3 /* ViewController.swift in Sources */ = {isa = PBXBuildFile; fileRef = 53C6CA0B2F4CB29C008A19D3 /* ViewController.swift */; };
		53C6CA0F2F4CB29C008A19D3 /* Main.storyboard in Resources */ = {isa = PBXBuildFile; fileRef = 53C6CA0D2F4CB29C008A19D3 /* Main.storyboard */; };
		53C6CA112F4CB29D008A19D3 /* Assets.xcassets in Resources */ = {isa = PBXBuildFile; fileRef = 53C6CA102F4CB29D008A19D3 /* Assets.xcassets */; };
		53C6CA182F4CB29D008A19D3 /* SmoothScroll GPT Extension.appex in Embed Foundation Extensions */ = {isa = PBXBuildFile; fileRef = 53C6CA172F4CB29D008A19D3 /* SmoothScroll GPT Extension.appex */; settings = {ATTRIBUTES = (RemoveHeadersOnCopy, ); }; };
		53C6CA1D2F4CB29D008A19D3 /* SafariWebExtensionHandler.swift in Sources */ = {isa = PBXBuildFile; fileRef = 53C6CA1C2F4CB29D008A19D3 /* SafariWebExtensionHandler.swift */; };
		53C6CA312F4CB29D008A19D3 /* options in Resources */ = {isa = PBXBuildFile; fileRef = 53C6CA292F4CB29D008A19D3 /* options */; };
		53C6CA322F4CB29D008A19D3 /* popup in Resources */ = {isa = PBXBuildFile; fileRef = 53C6CA2A2F4CB29D008A19D3 /* popup */; };
		53C6CA332F4CB29D008A19D3 /* background.js in Resources */ = {isa = PBXBuildFile; fileRef = 53C6CA2B2F4CB29D008A19D3 /* background.js */; };
		53C6CA342F4CB29D008A19D3 /* shared in Resources */ = {isa = PBXBuildFile; fileRef = 53C6CA2C2F4CB29D008A19D3 /* shared */; };
		53C6CA352F4CB29D008A19D3 /* styles in Resources */ = {isa = PBXBuildFile; fileRef = 53C6CA2D2F4CB29D008A19D3 /* styles */; };
		53C6CA362F4CB29D008A19D3 /* icons in Resources */ = {isa = PBXBuildFile; fileRef = 53C6CA2E2F4CB29D008A19D3 /* icons */; };
		53C6CA372F4CB29D008A19D3 /* manifest.json in Resources */ = {isa = PBXBuildFile; fileRef = 53C6CA2F2F4CB29D008A19D3 /* manifest.json */; };
		53C6CA382F4CB29D008A19D3 /* content-script.js in Resources */ = {isa = PBXBuildFile; fileRef = 53C6CA302F4CB29D008A19D3 /* content-script.js */; };
/* End PBXBuildFile section */

/* Begin PBXContainerItemProxy section */
		53C6CA192F4CB29D008A19D3 /* PBXContainerItemProxy */ = {
			isa = PBXContainerItemProxy;
			containerPortal = 53C6C9F42F4CB29C008A19D3 /* Project object */;
			proxyType = 1;
			remoteGlobalIDString = 53C6CA162F4CB29D008A19D3;
			remoteInfo = "SmoothScroll GPT Extension";
		};
/* End PBXContainerItemProxy section */

/* Begin PBXCopyFilesBuildPhase section */
		53C6CA242F4CB29D008A19D3 /* Embed Foundation Extensions */ = {
			isa = PBXCopyFilesBuildPhase;
			buildActionMask = 2147483647;
			dstPath = "";
			dstSubfolderSpec = 13;
			files = (
				53C6CA182F4CB29D008A19D3 /* SmoothScroll GPT Extension.appex in Embed Foundation Extensions */,
			);
			name = "Embed Foundation Extensions";
			runOnlyForDeploymentPostprocessing = 0;
		};
/* End PBXCopyFilesBuildPhase section */

/* Begin PBXFileReference section */
		53C6C9FC2F4CB29C008A19D3 /* SmoothScroll GPT.app */ = {isa = PBXFileReference; explicitFileType = wrapper.application; includeInIndex = 0; path = "SmoothScroll GPT.app"; sourceTree = BUILT_PRODUCTS_DIR; };
		53C6C9FF2F4CB29C008A19D3 /* AppDelegate.swift */ = {isa = PBXFileReference; lastKnownFileType = sourcecode.swift; path = AppDelegate.swift; sourceTree = "<group>"; };
		53C6CA032F4CB29C008A19D3 /* Base */ = {isa = PBXFileReference; lastKnownFileType = text.html; name = Base; path = Base.lproj/Main.html; sourceTree = "<group>"; };
		53C6CA052F4CB29C008A19D3 /* Icon.png */ = {isa = PBXFileReference; lastKnownFileType = image.png; path = Icon.png; sourceTree = "<group>"; };
		53C6CA072F4CB29C008A19D3 /* Style.css */ = {isa = PBXFileReference; lastKnownFileType = text.css; path = Style.css; sourceTree = "<group>"; };
		53C6CA092F4CB29C008A19D3 /* Script.js */ = {isa = PBXFileReference; lastKnownFileType = sourcecode.javascript; path = Script.js; sourceTree = "<group>"; };
		53C6CA0B2F4CB29C008A19D3 /* ViewController.swift */ = {isa = PBXFileReference; lastKnownFileType = sourcecode.swift; path = ViewController.swift; sourceTree = "<group>"; };
		53C6CA0E2F4CB29C008A19D3 /* Base */ = {isa = PBXFileReference; lastKnownFileType = file.storyboard; name = Base; path = Base.lproj/Main.storyboard; sourceTree = "<group>"; };
		53C6CA102F4CB29D008A19D3 /* Assets.xcassets */ = {isa = PBXFileReference; lastKnownFileType = folder.assetcatalog; path = Assets.xcassets; sourceTree = "<group>"; };
		53C6CA122F4CB29D008A19D3 /* Info.plist */ = {isa = PBXFileReference; lastKnownFileType = text.plist.xml; path = Info.plist; sourceTree = "<group>"; };
		53C6CA172F4CB29D008A19D3 /* SmoothScroll GPT Extension.appex */ = {isa = PBXFileReference; explicitFileType = "wrapper.app-extension"; includeInIndex = 0; path = "SmoothScroll GPT Extension.appex"; sourceTree = BUILT_PRODUCTS_DIR; };
		53C6CA1C2F4CB29D008A19D3 /* SafariWebExtensionHandler.swift */ = {isa = PBXFileReference; lastKnownFileType = sourcecode.swift; path = SafariWebExtensionHandler.swift; sourceTree = "<group>"; };
		53C6CA1E2F4CB29D008A19D3 /* Info.plist */ = {isa = PBXFileReference; lastKnownFileType = text.plist.xml; path = Info.plist; sourceTree = "<group>"; };
		53C6CA292F4CB29D008A19D3 /* options */ = {isa = PBXFileReference; lastKnownFileType = folder; name = options; path = Resources/options; sourceTree = "<group>"; };
		53C6CA2A2F4CB29D008A19D3 /* popup */ = {isa = PBXFileReference; lastKnownFileType = folder; name = popup; path = Resources/popup; sourceTree = "<group>"; };
		53C6CA2B2F4CB29D008A19D3 /* background.js */ = {isa = PBXFileReference; lastKnownFileType = sourcecode.javascript; name = background.js; path = Resources/background.js; sourceTree = "<group>"; };
		53C6CA2C2F4CB29D008A19D3 /* shared */ = {isa = PBXFileReference; lastKnownFileType = folder; name = shared; path = Resources/shared; sourceTree = "<group>"; };
		53C6CA2D2F4CB29D008A19D3 /* styles */ = {isa = PBXFileReference; lastKnownFileType = folder; name = styles; path = Resources/styles; sourceTree = "<group>"; };
		53C6CA2E2F4CB29D008A19D3 /* icons */ = {isa = PBXFileReference; lastKnownFileType = folder; name = icons; path = Resources/icons; sourceTree = "<group>"; };
		53C6CA2F2F4CB29D008A19D3 /* manifest.json */ = {isa = PBXFileReference; lastKnownFileType = text.json; name = manifest.json; path = Resources/manifest.json; sourceTree = "<group>"; };
		53C6CA302F4CB29D008A19D3 /* content-script.js */ = {isa = PBXFileReference; lastKnownFileType = sourcecode.javascript; name = "content-script.js"; path = "Resources/content-script.js"; sourceTree = "<group>"; };
/* End PBXFileReference section */

/* Begin PBXFrameworksBuildPhase section */
		53C6C9F92F4CB29C008A19D3 /* Frameworks */ = {
			isa = PBXFrameworksBuildPhase;
			buildActionMask = 2147483647;
			files = (
			);
			runOnlyForDeploymentPostprocessing = 0;
		};
		53C6CA142F4CB29D008A19D3 /* Frameworks */ = {
			isa = PBXFrameworksBuildPhase;
			buildActionMask = 2147483647;
			files = (
			);
			runOnlyForDeploymentPostprocessing = 0;
		};
/* End PBXFrameworksBuildPhase section */

/* Begin PBXGroup section */
		53C6C9F32F4CB29C008A19D3 = {
			isa = PBXGroup;
			children = (
				53C6C9FE2F4CB29C008A19D3 /* SmoothScroll GPT */,
				53C6CA1B2F4CB29D008A19D3 /* SmoothScroll GPT Extension */,
				53C6C9FD2F4CB29C008A19D3 /* Products */,
			);
			sourceTree = "<group>";
		};
		53C6C9FD2F4CB29C008A19D3 /* Products */ = {
			isa = PBXGroup;
			children = (
				53C6C9FC2F4CB29C008A19D3 /* SmoothScroll GPT.app */,
				53C6CA172F4CB29D008A19D3 /* SmoothScroll GPT Extension.appex */,
			);
			name = Products;
			sourceTree = "<group>";
		};
		53C6C9FE2F4CB29C008A19D3 /* SmoothScroll GPT */ = {
			isa = PBXGroup;
			children = (
				53C6C9FF2F4CB29C008A19D3 /* AppDelegate.swift */,
				53C6CA0B2F4CB29C008A19D3 /* ViewController.swift */,
				53C6CA0D2F4CB29C008A19D3 /* Main.storyboard */,
				53C6CA102F4CB29D008A19D3 /* Assets.xcassets */,
				53C6CA122F4CB29D008A19D3 /* Info.plist */,
				53C6CA012F4CB29C008A19D3 /* Resources */,
			);
			path = "SmoothScroll GPT";
			sourceTree = "<group>";
		};
		53C6CA012F4CB29C008A19D3 /* Resources */ = {
			isa = PBXGroup;
			children = (
				53C6CA022F4CB29C008A19D3 /* Main.html */,
				53C6CA052F4CB29C008A19D3 /* Icon.png */,
				53C6CA072F4CB29C008A19D3 /* Style.css */,
				53C6CA092F4CB29C008A19D3 /* Script.js */,
			);
			path = Resources;
			sourceTree = "<group>";
		};
		53C6CA1B2F4CB29D008A19D3 /* SmoothScroll GPT Extension */ = {
			isa = PBXGroup;
			children = (
				53C6CA282F4CB29D008A19D3 /* Resources */,
				53C6CA1C2F4CB29D008A19D3 /* SafariWebExtensionHandler.swift */,
				53C6CA1E2F4CB29D008A19D3 /* Info.plist */,
			);
			path = "SmoothScroll GPT Extension";
			sourceTree = "<group>";
		};
		53C6CA282F4CB29D008A19D3 /* Resources */ = {
			isa = PBXGroup;
			children = (
				53C6CA292F4CB29D008A19D3 /* options */,
				53C6CA2A2F4CB29D008A19D3 /* popup */,
				53C6CA2B2F4CB29D008A19D3 /* background.js */,
				53C6CA2C2F4CB29D008A19D3 /* shared */,
				53C6CA2D2F4CB29D008A19D3 /* styles */,
				53C6CA2E2F4CB29D008A19D3 /* icons */,
				53C6CA2F2F4CB29D008A19D3 /* manifest.json */,
				53C6CA302F4CB29D008A19D3 /* content-script.js */,
			);
			name = Resources;
			path = "SmoothScroll GPT Extension";
			sourceTree = SOURCE_ROOT;
		};
/* End PBXGroup section */

/* Begin PBXNativeTarget section */
		53C6C9FB2F4CB29C008A19D3 /* SmoothScroll GPT */ = {
			isa = PBXNativeTarget;
			buildConfigurationList = 53C6CA252F4CB29D008A19D3 /* Build configuration list for PBXNativeTarget "SmoothScroll GPT" */;
			buildPhases = (
				53C6C9F82F4CB29C008A19D3 /* Sources */,
				53C6C9F92F4CB29C008A19D3 /* Frameworks */,
				53C6C9FA2F4CB29C008A19D3 /* Resources */,
				53C6CA242F4CB29D008A19D3 /* Embed Foundation Extensions */,
			);
			buildRules = (
			);
			dependencies = (
				53C6CA1A2F4CB29D008A19D3 /* PBXTargetDependency */,
			);
			name = "SmoothScroll GPT";
			packageProductDependencies = (
			);
			productName = "SmoothScroll GPT";
			productReference = 53C6C9FC2F4CB29C008A19D3 /* SmoothScroll GPT.app */;
			productType = "com.apple.product-type.application";
		};
		53C6CA162F4CB29D008A19D3 /* SmoothScroll GPT Extension */ = {
			isa = PBXNativeTarget;
			buildConfigurationList = 53C6CA212F4CB29D008A19D3 /* Build configuration list for PBXNativeTarget "SmoothScroll GPT Extension" */;
			buildPhases = (
				53C6CA132F4CB29D008A19D3 /* Sources */,
				53C6CA142F4CB29D008A19D3 /* Frameworks */,
				53C6CA152F4CB29D008A19D3 /* Resources */,
			);
			buildRules = (
			);
			dependencies = (
			);
			name = "SmoothScroll GPT Extension";
			packageProductDependencies = (
			);
			productName = "SmoothScroll GPT Extension";
			productReference = 53C6CA172F4CB29D008A19D3 /* SmoothScroll GPT Extension.appex */;
			productType = "com.apple.product-type.app-extension";
		};
/* End PBXNativeTarget section */

/* Begin PBXProject section */
		53C6C9F42F4CB29C008A19D3 /* Project object */ = {
			isa = PBXProject;
			attributes = {
				BuildIndependentTargetsInParallel = 1;
				LastSwiftUpdateCheck = 2620;
				LastUpgradeCheck = 2620;
				TargetAttributes = {
					53C6C9FB2F4CB29C008A19D3 = {
						CreatedOnToolsVersion = 26.2;
					};
					53C6CA162F4CB29D008A19D3 = {
						CreatedOnToolsVersion = 26.2;
					};
				};
			};
			buildConfigurationList = 53C6C9F72F4CB29C008A19D3 /* Build configuration list for PBXProject "SmoothScroll GPT" */;
			developmentRegion = en;
			hasScannedForEncodings = 0;
			knownRegions = (
				en,
				Base,
			);
			mainGroup = 53C6C9F32F4CB29C008A19D3;
			minimizedProjectReferenceProxies = 1;
			preferredProjectObjectVersion = 77;
			productRefGroup = 53C6C9FD2F4CB29C008A19D3 /* Products */;
			projectDirPath = "";
			projectRoot = "";
			targets = (
				53C6C9FB2F4CB29C008A19D3 /* SmoothScroll GPT */,
				53C6CA162F4CB29D008A19D3 /* SmoothScroll GPT Extension */,
			);
		};
/* End PBXProject section */

/* Begin PBXResourcesBuildPhase section */
		53C6C9FA2F4CB29C008A19D3 /* Resources */ = {
			isa = PBXResourcesBuildPhase;
			buildActionMask = 2147483647;
			files = (
				53C6CA062F4CB29C008A19D3 /* Icon.png in Resources */,
				53C6CA0F2F4CB29C008A19D3 /* Main.storyboard in Resources */,
				53C6CA0A2F4CB29C008A19D3 /* Script.js in Resources */,
				53C6CA042F4CB29C008A19D3 /* Main.html in Resources */,
				53C6CA112F4CB29D008A19D3 /* Assets.xcassets in Resources */,
				53C6CA082F4CB29C008A19D3 /* Style.css in Resources */,
			);
			runOnlyForDeploymentPostprocessing = 0;
		};
		53C6CA152F4CB29D008A19D3 /* Resources */ = {
			isa = PBXResourcesBuildPhase;
			buildActionMask = 2147483647;
			files = (
				53C6CA352F4CB29D008A19D3 /* styles in Resources */,
				53C6CA382F4CB29D008A19D3 /* content-script.js in Resources */,
				53C6CA372F4CB29D008A19D3 /* manifest.json in Resources */,
				53C6CA312F4CB29D008A19D3 /* options in Resources */,
				53C6CA342F4CB29D008A19D3 /* shared in Resources */,
				53C6CA362F4CB29D008A19D3 /* icons in Resources */,
				53C6CA332F4CB29D008A19D3 /* background.js in Resources */,
				53C6CA322F4CB29D008A19D3 /* popup in Resources */,
			);
			runOnlyForDeploymentPostprocessing = 0;
		};
/* End PBXResourcesBuildPhase section */

/* Begin PBXSourcesBuildPhase section */
		53C6C9F82F4CB29C008A19D3 /* Sources */ = {
			isa = PBXSourcesBuildPhase;
			buildActionMask = 2147483647;
			files = (
				53C6CA0C2F4CB29C008A19D3 /* ViewController.swift in Sources */,
				53C6CA002F4CB29C008A19D3 /* AppDelegate.swift in Sources */,
			);
			runOnlyForDeploymentPostprocessing = 0;
		};
		53C6CA132F4CB29D008A19D3 /* Sources */ = {
			isa = PBXSourcesBuildPhase;
			buildActionMask = 2147483647;
			files = (
				53C6CA1D2F4CB29D008A19D3 /* SafariWebExtensionHandler.swift in Sources */,
			);
			runOnlyForDeploymentPostprocessing = 0;
		};
/* End PBXSourcesBuildPhase section */

/* Begin PBXTargetDependency section */
		53C6CA1A2F4CB29D008A19D3 /* PBXTargetDependency */ = {
			isa = PBXTargetDependency;
			target = 53C6CA162F4CB29D008A19D3 /* SmoothScroll GPT Extension */;
			targetProxy = 53C6CA192F4CB29D008A19D3 /* PBXContainerItemProxy */;
		};
/* End PBXTargetDependency section */

/* Begin PBXVariantGroup section */
		53C6CA022F4CB29C008A19D3 /* Main.html */ = {
			isa = PBXVariantGroup;
			children = (
				53C6CA032F4CB29C008A19D3 /* Base */,
			);
			name = Main.html;
			sourceTree = "<group>";
		};
		53C6CA0D2F4CB29C008A19D3 /* Main.storyboard */ = {
			isa = PBXVariantGroup;
			children = (
				53C6CA0E2F4CB29C008A19D3 /* Base */,
			);
			name = Main.storyboard;
			sourceTree = "<group>";
		};
/* End PBXVariantGroup section */

/* Begin XCBuildConfiguration section */
		53C6CA1F2F4CB29D008A19D3 /* Debug */ = {
			isa = XCBuildConfiguration;
			buildSettings = {
				ALWAYS_SEARCH_USER_PATHS = NO;
				ASSETCATALOG_COMPILER_GENERATE_SWIFT_ASSET_SYMBOL_EXTENSIONS = YES;
				CLANG_ANALYZER_NONNULL = YES;
				CLANG_ANALYZER_NUMBER_OBJECT_CONVERSION = YES_AGGRESSIVE;
				CLANG_CXX_LANGUAGE_STANDARD = "gnu++20";
				CLANG_ENABLE_MODULES = YES;
				CLANG_ENABLE_OBJC_ARC = YES;
				CLANG_ENABLE_OBJC_WEAK = YES;
				CLANG_WARN_BLOCK_CAPTURE_AUTORELEASING = YES;
				CLANG_WARN_BOOL_CONVERSION = YES;
				CLANG_WARN_COMMA = YES;
				CLANG_WARN_CONSTANT_CONVERSION = YES;
				CLANG_WARN_DEPRECATED_OBJC_IMPLEMENTATIONS = YES;
				CLANG_WARN_DIRECT_OBJC_ISA_USAGE = YES_ERROR;
				CLANG_WARN_DOCUMENTATION_COMMENTS = YES;
				CLANG_WARN_EMPTY_BODY = YES;
				CLANG_WARN_ENUM_CONVERSION = YES;
				CLANG_WARN_INFINITE_RECURSION = YES;
				CLANG_WARN_INT_CONVERSION = YES;
				CLANG_WARN_NON_LITERAL_NULL_CONVERSION = YES;
				CLANG_WARN_OBJC_IMPLICIT_RETAIN_SELF = YES;
				CLANG_WARN_OBJC_LITERAL_CONVERSION = YES;
				CLANG_WARN_OBJC_ROOT_CLASS = YES_ERROR;
				CLANG_WARN_QUOTED_INCLUDE_IN_FRAMEWORK_HEADER = YES;
				CLANG_WARN_RANGE_LOOP_ANALYSIS = YES;
				CLANG_WARN_STRICT_PROTOTYPES = YES;
				CLANG_WARN_SUSPICIOUS_MOVE = YES;
				CLANG_WARN_UNGUARDED_AVAILABILITY = YES_AGGRESSIVE;
				CLANG_WARN_UNREACHABLE_CODE = YES;
				CLANG_WARN__DUPLICATE_METHOD_MATCH = YES;
				COPY_PHASE_STRIP = NO;
				DEBUG_INFORMATION_FORMAT = dwarf;
				ENABLE_STRICT_OBJC_MSGSEND = YES;
				ENABLE_TESTABILITY = YES;
				ENABLE_USER_SCRIPT_SANDBOXING = YES;
				GCC_C_LANGUAGE_STANDARD = gnu17;
				GCC_DYNAMIC_NO_PIC = NO;
				GCC_NO_COMMON_BLOCKS = YES;
				GCC_OPTIMIZATION_LEVEL = 0;
				GCC_PREPROCESSOR_DEFINITIONS = (
					"DEBUG=1",
					"$(inherited)",
				);
				GCC_WARN_64_TO_32_BIT_CONVERSION = YES;
				GCC_WARN_ABOUT_RETURN_TYPE = YES_ERROR;
				GCC_WARN_UNDECLARED_SELECTOR = YES;
				GCC_WARN_UNINITIALIZED_AUTOS = YES_AGGRESSIVE;
				GCC_WARN_UNUSED_FUNCTION = YES;
				GCC_WARN_UNUSED_VARIABLE = YES;
				LOCALIZATION_PREFERS_STRING_CATALOGS = YES;
				MACOSX_DEPLOYMENT_TARGET = 26.2;
				MTL_ENABLE_DEBUG_INFO = INCLUDE_SOURCE;
				MTL_FAST_MATH = YES;
				ONLY_ACTIVE_ARCH = YES;
				SDKROOT = macosx;
				SWIFT_ACTIVE_COMPILATION_CONDITIONS = "DEBUG $(inherited)";
				SWIFT_OPTIMIZATION_LEVEL = "-Onone";
			};
			name = Debug;
		};
		53C6CA202F4CB29D008A19D3 /* Release */ = {
			isa = XCBuildConfiguration;
			buildSettings = {
				ALWAYS_SEARCH_USER_PATHS = NO;
				ASSETCATALOG_COMPILER_GENERATE_SWIFT_ASSET_SYMBOL_EXTENSIONS = YES;
				CLANG_ANALYZER_NONNULL = YES;
				CLANG_ANALYZER_NUMBER_OBJECT_CONVERSION = YES_AGGRESSIVE;
				CLANG_CXX_LANGUAGE_STANDARD = "gnu++20";
				CLANG_ENABLE_MODULES = YES;
				CLANG_ENABLE_OBJC_ARC = YES;
				CLANG_ENABLE_OBJC_WEAK = YES;
				CLANG_WARN_BLOCK_CAPTURE_AUTORELEASING = YES;
				CLANG_WARN_BOOL_CONVERSION = YES;
				CLANG_WARN_COMMA = YES;
				CLANG_WARN_CONSTANT_CONVERSION = YES;
				CLANG_WARN_DEPRECATED_OBJC_IMPLEMENTATIONS = YES;
				CLANG_WARN_DIRECT_OBJC_ISA_USAGE = YES_ERROR;
				CLANG_WARN_DOCUMENTATION_COMMENTS = YES;
				CLANG_WARN_EMPTY_BODY = YES;
				CLANG_WARN_ENUM_CONVERSION = YES;
				CLANG_WARN_INFINITE_RECURSION = YES;
				CLANG_WARN_INT_CONVERSION = YES;
				CLANG_WARN_NON_LITERAL_NULL_CONVERSION = YES;
				CLANG_WARN_OBJC_IMPLICIT_RETAIN_SELF = YES;
				CLANG_WARN_OBJC_LITERAL_CONVERSION = YES;
				CLANG_WARN_OBJC_ROOT_CLASS = YES_ERROR;
				CLANG_WARN_QUOTED_INCLUDE_IN_FRAMEWORK_HEADER = YES;
				CLANG_WARN_RANGE_LOOP_ANALYSIS = YES;
				CLANG_WARN_STRICT_PROTOTYPES = YES;
				CLANG_WARN_SUSPICIOUS_MOVE = YES;
				CLANG_WARN_UNGUARDED_AVAILABILITY = YES_AGGRESSIVE;
				CLANG_WARN_UNREACHABLE_CODE = YES;
				CLANG_WARN__DUPLICATE_METHOD_MATCH = YES;
				COPY_PHASE_STRIP = NO;
				DEBUG_INFORMATION_FORMAT = "dwarf-with-dsym";
				ENABLE_NS_ASSERTIONS = NO;
				ENABLE_STRICT_OBJC_MSGSEND = YES;
				ENABLE_USER_SCRIPT_SANDBOXING = YES;
				GCC_C_LANGUAGE_STANDARD = gnu17;
				GCC_NO_COMMON_BLOCKS = YES;
				GCC_WARN_64_TO_32_BIT_CONVERSION = YES;
				GCC_WARN_ABOUT_RETURN_TYPE = YES_ERROR;
				GCC_WARN_UNDECLARED_SELECTOR = YES;
				GCC_WARN_UNINITIALIZED_AUTOS = YES_AGGRESSIVE;
				GCC_WARN_UNUSED_FUNCTION = YES;
				GCC_WARN_UNUSED_VARIABLE = YES;
				LOCALIZATION_PREFERS_STRING_CATALOGS = YES;
				MACOSX_DEPLOYMENT_TARGET = 26.2;
				MTL_ENABLE_DEBUG_INFO = NO;
				MTL_FAST_MATH = YES;
				SDKROOT = macosx;
				SWIFT_COMPILATION_MODE = wholemodule;
			};
			name = Release;
		};
		53C6CA222F4CB29D008A19D3 /* Debug */ = {
			isa = XCBuildConfiguration;
			buildSettings = {
				CODE_SIGN_STYLE = Automatic;
				CURRENT_PROJECT_VERSION = 1;
				ENABLE_APP_SANDBOX = YES;
				ENABLE_HARDENED_RUNTIME = YES;
				ENABLE_USER_SELECTED_FILES = readonly;
				GENERATE_INFOPLIST_FILE = YES;
				INFOPLIST_FILE = "SmoothScroll GPT Extension/Info.plist";
				INFOPLIST_KEY_CFBundleDisplayName = "SmoothScroll GPT Extension";
				INFOPLIST_KEY_NSHumanReadableCopyright = "";
				LD_RUNPATH_SEARCH_PATHS = (
					"$(inherited)",
					"@executable_path/../Frameworks",
					"@executable_path/../../../../Frameworks",
				);
				MACOSX_DEPLOYMENT_TARGET = 10.14;
				MARKETING_VERSION = 1.0;
				OTHER_LDFLAGS = (
					"-framework",
					SafariServices,
				);
				PRODUCT_BUNDLE_IDENTIFIER = com.shuitatata.smoothscrollgpt.Extension;
				PRODUCT_NAME = "$(TARGET_NAME)";
				SKIP_INSTALL = YES;
				STRING_CATALOG_GENERATE_SYMBOLS = YES;
				SWIFT_APPROACHABLE_CONCURRENCY = YES;
				SWIFT_EMIT_LOC_STRINGS = YES;
				SWIFT_UPCOMING_FEATURE_MEMBER_IMPORT_VISIBILITY = YES;
				SWIFT_VERSION = 5.0;
			};
			name = Debug;
		};
		53C6CA232F4CB29D008A19D3 /* Release */ = {
			isa = XCBuildConfiguration;
			buildSettings = {
				CODE_SIGN_STYLE = Automatic;
				CURRENT_PROJECT_VERSION = 1;
				ENABLE_APP_SANDBOX = YES;
				ENABLE_HARDENED_RUNTIME = YES;
				ENABLE_USER_SELECTED_FILES = readonly;
				GENERATE_INFOPLIST_FILE = YES;
				INFOPLIST_FILE = "SmoothScroll GPT Extension/Info.plist";
				INFOPLIST_KEY_CFBundleDisplayName = "SmoothScroll GPT Extension";
				INFOPLIST_KEY_NSHumanReadableCopyright = "";
				LD_RUNPATH_SEARCH_PATHS = (
					"$(inherited)",
					"@executable_path/../Frameworks",
					"@executable_path/../../../../Frameworks",
				);
				MACOSX_DEPLOYMENT_TARGET = 10.14;
				MARKETING_VERSION = 1.0;
				OTHER_LDFLAGS = (
					"-framework",
					SafariServices,
				);
				PRODUCT_BUNDLE_IDENTIFIER = com.shuitatata.smoothscrollgpt.Extension;
				PRODUCT_NAME = "$(TARGET_NAME)";
				SKIP_INSTALL = YES;
				STRING_CATALOG_GENERATE_SYMBOLS = YES;
				SWIFT_APPROACHABLE_CONCURRENCY = YES;
				SWIFT_EMIT_LOC_STRINGS = YES;
				SWIFT_UPCOMING_FEATURE_MEMBER_IMPORT_VISIBILITY = YES;
				SWIFT_VERSION = 5.0;
			};
			name = Release;
		};
		53C6CA262F4CB29D008A19D3 /* Debug */ = {
			isa = XCBuildConfiguration;
			buildSettings = {
				ASSETCATALOG_COMPILER_APPICON_NAME = AppIcon;
				ASSETCATALOG_COMPILER_GLOBAL_ACCENT_COLOR_NAME = AccentColor;
				CODE_SIGN_STYLE = Automatic;
				COMBINE_HIDPI_IMAGES = YES;
				CURRENT_PROJECT_VERSION = 1;
				ENABLE_APP_SANDBOX = YES;
				ENABLE_HARDENED_RUNTIME = YES;
				ENABLE_OUTGOING_NETWORK_CONNECTIONS = YES;
				ENABLE_USER_SELECTED_FILES = readonly;
				GENERATE_INFOPLIST_FILE = YES;
				INFOPLIST_FILE = "SmoothScroll GPT/Info.plist";
				INFOPLIST_KEY_CFBundleDisplayName = "SmoothScroll GPT";
				INFOPLIST_KEY_NSHumanReadableCopyright = "";
				INFOPLIST_KEY_NSMainStoryboardFile = Main;
				INFOPLIST_KEY_NSPrincipalClass = NSApplication;
				LD_RUNPATH_SEARCH_PATHS = (
					"$(inherited)",
					"@executable_path/../Frameworks",
				);
				MARKETING_VERSION = 1.0;
				OTHER_LDFLAGS = (
					"-framework",
					SafariServices,
					"-framework",
					WebKit,
				);
				PRODUCT_BUNDLE_IDENTIFIER = "com.shuitatata.SmoothScroll-GPT";
				PRODUCT_NAME = "$(TARGET_NAME)";
				REGISTER_APP_GROUPS = YES;
				STRING_CATALOG_GENERATE_SYMBOLS = YES;
				SWIFT_APPROACHABLE_CONCURRENCY = YES;
				SWIFT_DEFAULT_ACTOR_ISOLATION = MainActor;
				SWIFT_EMIT_LOC_STRINGS = YES;
				SWIFT_UPCOMING_FEATURE_MEMBER_IMPORT_VISIBILITY = YES;
				SWIFT_VERSION = 5.0;
			};
			name = Debug;
		};
		53C6CA272F4CB29D008A19D3 /* Release */ = {
			isa = XCBuildConfiguration;
			buildSettings = {
				ASSETCATALOG_COMPILER_APPICON_NAME = AppIcon;
				ASSETCATALOG_COMPILER_GLOBAL_ACCENT_COLOR_NAME = AccentColor;
				CODE_SIGN_STYLE = Automatic;
				COMBINE_HIDPI_IMAGES = YES;
				CURRENT_PROJECT_VERSION = 1;
				ENABLE_APP_SANDBOX = YES;
				ENABLE_HARDENED_RUNTIME = YES;
				ENABLE_OUTGOING_NETWORK_CONNECTIONS = YES;
				ENABLE_USER_SELECTED_FILES = readonly;
				GENERATE_INFOPLIST_FILE = YES;
				INFOPLIST_FILE = "SmoothScroll GPT/Info.plist";
				INFOPLIST_KEY_CFBundleDisplayName = "SmoothScroll GPT";
				INFOPLIST_KEY_NSHumanReadableCopyright = "";
				INFOPLIST_KEY_NSMainStoryboardFile = Main;
				INFOPLIST_KEY_NSPrincipalClass = NSApplication;
				LD_RUNPATH_SEARCH_PATHS = (
					"$(inherited)",
					"@executable_path/../Frameworks",
				);
				MARKETING_VERSION = 1.0;
				OTHER_LDFLAGS = (
					"-framework",
					SafariServices,
					"-framework",
					WebKit,
				);
				PRODUCT_BUNDLE_IDENTIFIER = "com.shuitatata.SmoothScroll-GPT";
				PRODUCT_NAME = "$(TARGET_NAME)";
				REGISTER_APP_GROUPS = YES;
				STRING_CATALOG_GENERATE_SYMBOLS = YES;
				SWIFT_APPROACHABLE_CONCURRENCY = YES;
				SWIFT_DEFAULT_ACTOR_ISOLATION = MainActor;
				SWIFT_EMIT_LOC_STRINGS = YES;
				SWIFT_UPCOMING_FEATURE_MEMBER_IMPORT_VISIBILITY = YES;
				SWIFT_VERSION = 5.0;
			};
			name = Release;
		};
/* End XCBuildConfiguration section */

/* Begin XCConfigurationList section */
		53C6C9F72F4CB29C008A19D3 /* Build configuration list for PBXProject "SmoothScroll GPT" */ = {
			isa = XCConfigurationList;
			buildConfigurations = (
				53C6CA1F2F4CB29D008A19D3 /* Debug */,
				53C6CA202F4CB29D008A19D3 /* Release */,
			);
			defaultConfigurationIsVisible = 0;
			defaultConfigurationName = Release;
		};
		53C6CA212F4CB29D008A19D3 /* Build configuration list for PBXNativeTarget "SmoothScroll GPT Extension" */ = {
			isa = XCConfigurationList;
			buildConfigurations = (
				53C6CA222F4CB29D008A19D3 /* Debug */,
				53C6CA232F4CB29D008A19D3 /* Release */,
			);
			defaultConfigurationIsVisible = 0;
			defaultConfigurationName = Release;
		};
		53C6CA252F4CB29D008A19D3 /* Build configuration list for PBXNativeTarget "SmoothScroll GPT" */ = {
			isa = XCConfigurationList;
			buildConfigurations = (
				53C6CA262F4CB29D008A19D3 /* Debug */,
				53C6CA272F4CB29D008A19D3 /* Release */,
			);
			defaultConfigurationIsVisible = 0;
			defaultConfigurationName = Release;
		};
/* End XCConfigurationList section */
	};
	rootObject = 53C6C9F42F4CB29C008A19D3 /* Project object */;
}
